// !$*UTF8*$!
{
	archiveVersion = 1;
	classes = {
	};
	objectVersion = 55;
	objects = {

/* Begin PBXBuildFile section */
		A13F6175292EB71000F58BE9 /* CacheManagerSpy.swift in Sources */ = {isa = PBXBuildFile; fileRef = A13F6174292EB71000F58BE9 /* CacheManagerSpy.swift */; };
		A13F6178292EB87200F58BE9 /* DispatchQueue.swift in Sources */ = {isa = PBXBuildFile; fileRef = A13F6177292EB87200F58BE9 /* DispatchQueue.swift */; };
		A14A00AC2929C0A500B918D1 /* MatchModel.swift in Sources */ = {isa = PBXBuildFile; fileRef = A14A00AB2929C0A500B918D1 /* MatchModel.swift */; };
		A14A00B12929DB4400B918D1 /* MatchesNetworkRequestTests.swift in Sources */ = {isa = PBXBuildFile; fileRef = A14A00B02929DB4400B918D1 /* MatchesNetworkRequestTests.swift */; };
		A14A00B32929DED800B918D1 /* MatchesRepositoryTests.swift in Sources */ = {isa = PBXBuildFile; fileRef = A14A00B22929DED800B918D1 /* MatchesRepositoryTests.swift */; };
		A14A00B52929DF2200B918D1 /* NetworkSpy.swift in Sources */ = {isa = PBXBuildFile; fileRef = A14A00B42929DF2200B918D1 /* NetworkSpy.swift */; };
		A14A00B82929E0C400B918D1 /* MatchModelFixture.swift in Sources */ = {isa = PBXBuildFile; fileRef = A14A00B72929E0C400B918D1 /* MatchModelFixture.swift */; };
		A14A00BB2929E4ED00B918D1 /* FuzeColorsTests.swift in Sources */ = {isa = PBXBuildFile; fileRef = A14A00BA2929E4ED00B918D1 /* FuzeColorsTests.swift */; };
		A14A00BE2929E64000B918D1 /* FuzeFontsTests.swift in Sources */ = {isa = PBXBuildFile; fileRef = A14A00BD2929E64000B918D1 /* FuzeFontsTests.swift */; };
		A14A00C12929E87100B918D1 /* LocalizableTests.swift in Sources */ = {isa = PBXBuildFile; fileRef = A14A00C02929E87100B918D1 /* LocalizableTests.swift */; };
		A17BDEBC292BBACA001BF682 /* MatchesViewModelTests.swift in Sources */ = {isa = PBXBuildFile; fileRef = A17BDEBB292BBACA001BF682 /* MatchesViewModelTests.swift */; };
		A17BDEBF292BBC1E001BF682 /* MatchesRepositorySpy.swift in Sources */ = {isa = PBXBuildFile; fileRef = A17BDEBE292BBC1E001BF682 /* MatchesRepositorySpy.swift */; };
		A17BDEC1292BC7F9001BF682 /* MatchesViewControllerDisplaySpy.swift in Sources */ = {isa = PBXBuildFile; fileRef = A17BDEC0292BC7F9001BF682 /* MatchesViewControllerDisplaySpy.swift */; };
		A17BDEC3292BDB21001BF682 /* MatchViewModelFixture.swift in Sources */ = {isa = PBXBuildFile; fileRef = A17BDEC2292BDB21001BF682 /* MatchViewModelFixture.swift */; };
		A17BDEC7292BDB70001BF682 /* ConfrontationOpponentsViewModelFixture.swift in Sources */ = {isa = PBXBuildFile; fileRef = A17BDEC6292BDB70001BF682 /* ConfrontationOpponentsViewModelFixture.swift */; };
		A17BDEC9292BE7BC001BF682 /* MatchesViewControllerTests.swift in Sources */ = {isa = PBXBuildFile; fileRef = A17BDEC8292BE7BC001BF682 /* MatchesViewControllerTests.swift */; };
		A17BDECB292BE7EE001BF682 /* MatchesViewModeSpy.swift in Sources */ = {isa = PBXBuildFile; fileRef = A17BDECA292BE7EE001BF682 /* MatchesViewModeSpy.swift */; };
		A17BDECD292BE83B001BF682 /* MatchesViewSpy.swift in Sources */ = {isa = PBXBuildFile; fileRef = A17BDECC292BE83B001BF682 /* MatchesViewSpy.swift */; };
		A17BDECF292BF50F001BF682 /* LoadingView.swift in Sources */ = {isa = PBXBuildFile; fileRef = A17BDECE292BF50F001BF682 /* LoadingView.swift */; };
		A17BDED1292BF526001BF682 /* EmptyStateView.swift in Sources */ = {isa = PBXBuildFile; fileRef = A17BDED0292BF526001BF682 /* EmptyStateView.swift */; };
		A17BDED3292BF52E001BF682 /* ErrorView.swift in Sources */ = {isa = PBXBuildFile; fileRef = A17BDED2292BF52E001BF682 /* ErrorView.swift */; };
		A17BDED6292C197D001BF682 /* MatchDetailViewController.swift in Sources */ = {isa = PBXBuildFile; fileRef = A17BDED5292C197D001BF682 /* MatchDetailViewController.swift */; };
		A17BDEDA292C19B6001BF682 /* MatchDetailView.swift in Sources */ = {isa = PBXBuildFile; fileRef = A17BDED9292C19B6001BF682 /* MatchDetailView.swift */; };
		A17BDEDE292C1A48001BF682 /* MatchDetailBuilder.swift in Sources */ = {isa = PBXBuildFile; fileRef = A17BDEDD292C1A48001BF682 /* MatchDetailBuilder.swift */; };
		A17BDEE2292C2CD8001BF682 /* MatchesCoordinatorSpy.swift in Sources */ = {isa = PBXBuildFile; fileRef = A17BDEE1292C2CD8001BF682 /* MatchesCoordinatorSpy.swift */; };
		A17BDEE4292C5AB5001BF682 /* PageableTableViewProvider.swift in Sources */ = {isa = PBXBuildFile; fileRef = A17BDEE3292C5AB5001BF682 /* PageableTableViewProvider.swift */; };
		A17BDEE6292C6B19001BF682 /* MatchesConverter.swift in Sources */ = {isa = PBXBuildFile; fileRef = A17BDEE5292C6B19001BF682 /* MatchesConverter.swift */; };
		A17BDEE8292C6C30001BF682 /* MatchesConverterTests.swift in Sources */ = {isa = PBXBuildFile; fileRef = A17BDEE7292C6C30001BF682 /* MatchesConverterTests.swift */; };
		A17BDEEA292C6D08001BF682 /* MatchesConverterSpy.swift in Sources */ = {isa = PBXBuildFile; fileRef = A17BDEE9292C6D08001BF682 /* MatchesConverterSpy.swift */; };
		A18769FC29280E7E006CE7C9 /* AppDelegate.swift in Sources */ = {isa = PBXBuildFile; fileRef = A18769FB29280E7E006CE7C9 /* AppDelegate.swift */; };
		A18769FE29280E7E006CE7C9 /* SceneDelegate.swift in Sources */ = {isa = PBXBuildFile; fileRef = A18769FD29280E7E006CE7C9 /* SceneDelegate.swift */; };
		A1876A0529280E7F006CE7C9 /* Assets.xcassets in Resources */ = {isa = PBXBuildFile; fileRef = A1876A0429280E7F006CE7C9 /* Assets.xcassets */; };
		A1876A0829280E7F006CE7C9 /* LaunchScreen.storyboard in Resources */ = {isa = PBXBuildFile; fileRef = A1876A0629280E7F006CE7C9 /* LaunchScreen.storyboard */; };
		A1876A31292812E1006CE7C9 /* MatchesCoordinator.swift in Sources */ = {isa = PBXBuildFile; fileRef = A1876A30292812E1006CE7C9 /* MatchesCoordinator.swift */; };
		A1876A33292812E8006CE7C9 /* Coordinator.swift in Sources */ = {isa = PBXBuildFile; fileRef = A1876A32292812E8006CE7C9 /* Coordinator.swift */; };
		A1876A3729281EA8006CE7C9 /* NetworkRequest.swift in Sources */ = {isa = PBXBuildFile; fileRef = A1876A3629281EA8006CE7C9 /* NetworkRequest.swift */; };
		A1876A3A29281FAD006CE7C9 /* BaseURLProvider.swift in Sources */ = {isa = PBXBuildFile; fileRef = A1876A3929281FAD006CE7C9 /* BaseURLProvider.swift */; };
		A1876A3C292820A8006CE7C9 /* NetworkServiceMethod.swift in Sources */ = {isa = PBXBuildFile; fileRef = A1876A3B292820A8006CE7C9 /* NetworkServiceMethod.swift */; };
		A1876A3E29282412006CE7C9 /* Network.swift in Sources */ = {isa = PBXBuildFile; fileRef = A1876A3D29282412006CE7C9 /* Network.swift */; };
		A1876A4229283743006CE7C9 /* NetworkDeserialization.swift in Sources */ = {isa = PBXBuildFile; fileRef = A1876A4129283743006CE7C9 /* NetworkDeserialization.swift */; };
		A1876A452928429A006CE7C9 /* AccessTokenProvider.swift in Sources */ = {isa = PBXBuildFile; fileRef = A1876A442928429A006CE7C9 /* AccessTokenProvider.swift */; };
		A1876A47292843DC006CE7C9 /* ApiProvider.swift in Sources */ = {isa = PBXBuildFile; fileRef = A1876A46292843DC006CE7C9 /* ApiProvider.swift */; };
		A1876A4E29284F54006CE7C9 /* BaseURLProviderTests.swift in Sources */ = {isa = PBXBuildFile; fileRef = A1876A4D29284F54006CE7C9 /* BaseURLProviderTests.swift */; };
		A1876A532928519A006CE7C9 /* AccessTokenProviderTests.swift in Sources */ = {isa = PBXBuildFile; fileRef = A1876A522928519A006CE7C9 /* AccessTokenProviderTests.swift */; };
		A1876A59292854EF006CE7C9 /* NetworkRequestFixture.swift in Sources */ = {isa = PBXBuildFile; fileRef = A1876A58292854EF006CE7C9 /* NetworkRequestFixture.swift */; };
		A1876A5B29285504006CE7C9 /* NetworkRequestTests.swift in Sources */ = {isa = PBXBuildFile; fileRef = A1876A5A29285504006CE7C9 /* NetworkRequestTests.swift */; };
		A1876A5D29285C51006CE7C9 /* NetworkTests.swift in Sources */ = {isa = PBXBuildFile; fileRef = A1876A5C29285C51006CE7C9 /* NetworkTests.swift */; };
		A1876A6029285C89006CE7C9 /* NetworkDeserializationSpy.swift in Sources */ = {isa = PBXBuildFile; fileRef = A1876A5F29285C89006CE7C9 /* NetworkDeserializationSpy.swift */; };
		A1876A6229285DED006CE7C9 /* BaseURLProviderSpy.swift in Sources */ = {isa = PBXBuildFile; fileRef = A1876A6129285DED006CE7C9 /* BaseURLProviderSpy.swift */; };
		A1876A6429285EF4006CE7C9 /* AccessTokenProviderSpy.swift in Sources */ = {isa = PBXBuildFile; fileRef = A1876A6329285EF4006CE7C9 /* AccessTokenProviderSpy.swift */; };
		A1876A6829286700006CE7C9 /* ResponseModeFixture.swift in Sources */ = {isa = PBXBuildFile; fileRef = A1876A6729286700006CE7C9 /* ResponseModeFixture.swift */; };
		A1876A6A29286871006CE7C9 /* NetworkProviderSpy.swift in Sources */ = {isa = PBXBuildFile; fileRef = A1876A6929286871006CE7C9 /* NetworkProviderSpy.swift */; };
		A1876A6C29286A88006CE7C9 /* NetworkProvider.swift in Sources */ = {isa = PBXBuildFile; fileRef = A1876A6B29286A88006CE7C9 /* NetworkProvider.swift */; };
		A194CE05292E54D500CC5A8E /* MatchDetailViewModelTests.swift in Sources */ = {isa = PBXBuildFile; fileRef = A194CE04292E54D500CC5A8E /* MatchDetailViewModelTests.swift */; };
		A194CE08292E55A500CC5A8E /* MatchDetailViewControllerDisplaySpy.swift in Sources */ = {isa = PBXBuildFile; fileRef = A194CE07292E55A500CC5A8E /* MatchDetailViewControllerDisplaySpy.swift */; };
		A194CE0A292E574C00CC5A8E /* MatchDetailViewControllerTests.swift in Sources */ = {isa = PBXBuildFile; fileRef = A194CE09292E574C00CC5A8E /* MatchDetailViewControllerTests.swift */; };
		A194CE0C292E577E00CC5A8E /* MatchDetailViewModelSpy.swift in Sources */ = {isa = PBXBuildFile; fileRef = A194CE0B292E577E00CC5A8E /* MatchDetailViewModelSpy.swift */; };
		A194CE0E292E57A500CC5A8E /* MatchDetailViewSpy.swift in Sources */ = {isa = PBXBuildFile; fileRef = A194CE0D292E57A500CC5A8E /* MatchDetailViewSpy.swift */; };
		A194CE13292E5A3D00CC5A8E /* PlayersRepositorySpy.swift in Sources */ = {isa = PBXBuildFile; fileRef = A194CE12292E5A3D00CC5A8E /* PlayersRepositorySpy.swift */; };
		A194CE15292E5AB800CC5A8E /* PlayersConverterSpy.swift in Sources */ = {isa = PBXBuildFile; fileRef = A194CE14292E5AB800CC5A8E /* PlayersConverterSpy.swift */; };
		A194CE17292E5B2300CC5A8E /* PlayersViewModelSpy.swift in Sources */ = {isa = PBXBuildFile; fileRef = A194CE16292E5B2300CC5A8E /* PlayersViewModelSpy.swift */; };
		A194CE19292E5B9600CC5A8E /* PlayersViewControllerDisplaySpy.swift in Sources */ = {isa = PBXBuildFile; fileRef = A194CE18292E5B9600CC5A8E /* PlayersViewControllerDisplaySpy.swift */; };
		A194CE1B292E5CFE00CC5A8E /* PlayersViewSpy.swift in Sources */ = {isa = PBXBuildFile; fileRef = A194CE1A292E5CFE00CC5A8E /* PlayersViewSpy.swift */; };
		A194CE1E292E5DB800CC5A8E /* PlayerModelFixture.swift in Sources */ = {isa = PBXBuildFile; fileRef = A194CE1D292E5DB800CC5A8E /* PlayerModelFixture.swift */; };
		A194CE20292E5E7400CC5A8E /* PlayerViewModelFixture.swift in Sources */ = {isa = PBXBuildFile; fileRef = A194CE1F292E5E7400CC5A8E /* PlayerViewModelFixture.swift */; };
		A194CE24292E601D00CC5A8E /* PlayersNetworkRequestTests.swift in Sources */ = {isa = PBXBuildFile; fileRef = A194CE23292E601D00CC5A8E /* PlayersNetworkRequestTests.swift */; };
		A194CE26292E621800CC5A8E /* PlayersRepositoryTests.swift in Sources */ = {isa = PBXBuildFile; fileRef = A194CE25292E621800CC5A8E /* PlayersRepositoryTests.swift */; };
		A194CE29292E640700CC5A8E /* PlayersConverterTests.swift in Sources */ = {isa = PBXBuildFile; fileRef = A194CE28292E640700CC5A8E /* PlayersConverterTests.swift */; };
		A194CE2B292E651D00CC5A8E /* PlayersViewModelTests.swift in Sources */ = {isa = PBXBuildFile; fileRef = A194CE2A292E651D00CC5A8E /* PlayersViewModelTests.swift */; };
		A194CE2D292E6BF600CC5A8E /* PlayersViewControllerTests.swift in Sources */ = {isa = PBXBuildFile; fileRef = A194CE2C292E6BF600CC5A8E /* PlayersViewControllerTests.swift */; };
		A194CE2F292E74B800CC5A8E /* CacheManager.swift in Sources */ = {isa = PBXBuildFile; fileRef = A194CE2E292E74B800CC5A8E /* CacheManager.swift */; };
		A194CE35292E7EA000CC5A8E /* DispatchQueueTestingOverrides.swift in Sources */ = {isa = PBXBuildFile; fileRef = A194CE34292E7EA000CC5A8E /* DispatchQueueTestingOverrides.swift */; };
		A194CE38292E92AF00CC5A8E /* NetworkDownloadBuilder.swift in Sources */ = {isa = PBXBuildFile; fileRef = A194CE37292E92AF00CC5A8E /* NetworkDownloadBuilder.swift */; };
		A196D86829287B72000ADDEE /* NetworkErrorEquatable.swift in Sources */ = {isa = PBXBuildFile; fileRef = A196D86729287B72000ADDEE /* NetworkErrorEquatable.swift */; };
		A196D86A29287CC6000ADDEE /* NetworkErrorDummy.swift in Sources */ = {isa = PBXBuildFile; fileRef = A196D86929287CC6000ADDEE /* NetworkErrorDummy.swift */; };
		A196D86C29287ED5000ADDEE /* NetworkDeserializationTests.swift in Sources */ = {isa = PBXBuildFile; fileRef = A196D86B29287ED5000ADDEE /* NetworkDeserializationTests.swift */; };
		A19B685D29291D6100145256 /* FileManagerProvider.swift in Sources */ = {isa = PBXBuildFile; fileRef = A19B685C29291D6100145256 /* FileManagerProvider.swift */; };
		A19B685F2929254E00145256 /* FileManagerProviderSpy.swift in Sources */ = {isa = PBXBuildFile; fileRef = A19B685E2929254E00145256 /* FileManagerProviderSpy.swift */; };
		A19B686129292B0000145256 /* NetworkDownload.swift in Sources */ = {isa = PBXBuildFile; fileRef = A19B686029292B0000145256 /* NetworkDownload.swift */; };
		A19B686829292D0A00145256 /* NetworkDownloadTests.swift in Sources */ = {isa = PBXBuildFile; fileRef = A19B686729292D0A00145256 /* NetworkDownloadTests.swift */; };
		A19B686B29295C4500145256 /* MatchesViewController.swift in Sources */ = {isa = PBXBuildFile; fileRef = A19B686A29295C4500145256 /* MatchesViewController.swift */; };
		A19B687029295DC000145256 /* MatchesViewModel.swift in Sources */ = {isa = PBXBuildFile; fileRef = A19B686F29295DC000145256 /* MatchesViewModel.swift */; };
		A19B687229295DF600145256 /* MatchesBuilder.swift in Sources */ = {isa = PBXBuildFile; fileRef = A19B687129295DF600145256 /* MatchesBuilder.swift */; };
		A19B6875292966E900145256 /* Colors.xcassets in Resources */ = {isa = PBXBuildFile; fileRef = A19B6874292966E900145256 /* Colors.xcassets */; };
		A19B68782929698900145256 /* FuzeColors.swift in Sources */ = {isa = PBXBuildFile; fileRef = A19B68772929698900145256 /* FuzeColors.swift */; };
		A19B687B29296FE800145256 /* Roboto-Medium.ttf in Resources */ = {isa = PBXBuildFile; fileRef = A19B687A29296FCE00145256 /* Roboto-Medium.ttf */; };
		A19B687D2929703000145256 /* FuzeFonts.swift in Sources */ = {isa = PBXBuildFile; fileRef = A19B687C2929703000145256 /* FuzeFonts.swift */; };
		A19B6880292975B200145256 /* Localizable.swift in Sources */ = {isa = PBXBuildFile; fileRef = A19B687F292975B200145256 /* Localizable.swift */; };
		A19B6883292978C300145256 /* Localizable.strings in Resources */ = {isa = PBXBuildFile; fileRef = A19B6885292978C300145256 /* Localizable.strings */; };
		A19B688929297B3700145256 /* MatchesRepository.swift in Sources */ = {isa = PBXBuildFile; fileRef = A19B688829297B3700145256 /* MatchesRepository.swift */; };
		A19B688B29297C8A00145256 /* MatchesNetworkRequest.swift in Sources */ = {isa = PBXBuildFile; fileRef = A19B688A29297C8A00145256 /* MatchesNetworkRequest.swift */; };
		A19B688D29297D2000145256 /* NetworkBuilder.swift in Sources */ = {isa = PBXBuildFile; fileRef = A19B688C29297D2000145256 /* NetworkBuilder.swift */; };
		A19F31BB292A82DA00EAABDE /* Reusable.swift in Sources */ = {isa = PBXBuildFile; fileRef = A19F31BA292A82DA00EAABDE /* Reusable.swift */; };
		A19F31BD292A83E900EAABDE /* MatchesView.swift in Sources */ = {isa = PBXBuildFile; fileRef = A19F31BC292A83E900EAABDE /* MatchesView.swift */; };
		A19F31C0292A859300EAABDE /* ConstraintsTools.swift in Sources */ = {isa = PBXBuildFile; fileRef = A19F31BF292A859300EAABDE /* ConstraintsTools.swift */; };
		A19F31C3292A8A9200EAABDE /* MatchTableViewCell.swift in Sources */ = {isa = PBXBuildFile; fileRef = A19F31C2292A8A9200EAABDE /* MatchTableViewCell.swift */; };
		A19F31CA292AA99A00EAABDE /* ConfrontationOpponentsView.swift in Sources */ = {isa = PBXBuildFile; fileRef = A19F31C9292AA99A00EAABDE /* ConfrontationOpponentsView.swift */; };
		A19F31CD292AC80D00EAABDE /* FuzeImages.swift in Sources */ = {isa = PBXBuildFile; fileRef = A19F31CC292AC80D00EAABDE /* FuzeImages.swift */; };
		A19F31D0292AC8D200EAABDE /* FuzeImagesTests.swift in Sources */ = {isa = PBXBuildFile; fileRef = A19F31CF292AC8D200EAABDE /* FuzeImagesTests.swift */; };
		A19F31D3292ACA6800EAABDE /* DownloadImage.swift in Sources */ = {isa = PBXBuildFile; fileRef = A19F31D2292ACA6800EAABDE /* DownloadImage.swift */; };
		A19F31D6292AD43E00EAABDE /* DateFormatter.swift in Sources */ = {isa = PBXBuildFile; fileRef = A19F31D5292AD43E00EAABDE /* DateFormatter.swift */; };
		A1A24349292D175F00A6EEEE /* PlayerTableViewCell.swift in Sources */ = {isa = PBXBuildFile; fileRef = A1A24348292D175F00A6EEEE /* PlayerTableViewCell.swift */; };
		A1A2434B292D373700A6EEEE /* MatchDetailHeaderView.swift in Sources */ = {isa = PBXBuildFile; fileRef = A1A2434A292D373700A6EEEE /* MatchDetailHeaderView.swift */; };
		A1A2434E292D47AD00A6EEEE /* PlayerModel.swift in Sources */ = {isa = PBXBuildFile; fileRef = A1A2434D292D47AD00A6EEEE /* PlayerModel.swift */; };
		A1A24350292D48A100A6EEEE /* PlayersNetworkRequest.swift in Sources */ = {isa = PBXBuildFile; fileRef = A1A2434F292D48A100A6EEEE /* PlayersNetworkRequest.swift */; };
		A1A24352292D498800A6EEEE /* PlayersRepository.swift in Sources */ = {isa = PBXBuildFile; fileRef = A1A24351292D498800A6EEEE /* PlayersRepository.swift */; };
		A1A24354292D4A2900A6EEEE /* PlayersViewModel.swift in Sources */ = {isa = PBXBuildFile; fileRef = A1A24353292D4A2900A6EEEE /* PlayersViewModel.swift */; };
		A1A24356292D4A3D00A6EEEE /* PlayersConverter.swift in Sources */ = {isa = PBXBuildFile; fileRef = A1A24355292D4A3D00A6EEEE /* PlayersConverter.swift */; };
		A1A2435C292D81ED00A6EEEE /* PlayersViewController.swift in Sources */ = {isa = PBXBuildFile; fileRef = A1A2435B292D81ED00A6EEEE /* PlayersViewController.swift */; };
		A1A2435E292D820000A6EEEE /* PlayersView.swift in Sources */ = {isa = PBXBuildFile; fileRef = A1A2435D292D820000A6EEEE /* PlayersView.swift */; };
		A1A24361292D8DC400A6EEEE /* PlayersBuilder.swift in Sources */ = {isa = PBXBuildFile; fileRef = A1A24360292D8DC400A6EEEE /* PlayersBuilder.swift */; };
		A1A24363292D928E00A6EEEE /* MatchDetailViewModel.swift in Sources */ = {isa = PBXBuildFile; fileRef = A1A24362292D928E00A6EEEE /* MatchDetailViewModel.swift */; };
/* End PBXBuildFile section */

/* Begin PBXContainerItemProxy section */
		A1876A0F29280E7F006CE7C9 /* PBXContainerItemProxy */ = {
			isa = PBXContainerItemProxy;
			containerPortal = A18769F029280E7E006CE7C9 /* Project object */;
			proxyType = 1;
			remoteGlobalIDString = A18769F729280E7E006CE7C9;
			remoteInfo = fuze;
		};
/* End PBXContainerItemProxy section */

/* Begin PBXFileReference section */
		A13F6174292EB71000F58BE9 /* CacheManagerSpy.swift */ = {isa = PBXFileReference; lastKnownFileType = sourcecode.swift; path = CacheManagerSpy.swift; sourceTree = "<group>"; };
		A13F6177292EB87200F58BE9 /* DispatchQueue.swift */ = {isa = PBXFileReference; lastKnownFileType = sourcecode.swift; path = DispatchQueue.swift; sourceTree = "<group>"; };
		A14A00AB2929C0A500B918D1 /* MatchModel.swift */ = {isa = PBXFileReference; lastKnownFileType = sourcecode.swift; path = MatchModel.swift; sourceTree = "<group>"; };
		A14A00B02929DB4400B918D1 /* MatchesNetworkRequestTests.swift */ = {isa = PBXFileReference; lastKnownFileType = sourcecode.swift; path = MatchesNetworkRequestTests.swift; sourceTree = "<group>"; };
		A14A00B22929DED800B918D1 /* MatchesRepositoryTests.swift */ = {isa = PBXFileReference; lastKnownFileType = sourcecode.swift; path = MatchesRepositoryTests.swift; sourceTree = "<group>"; };
		A14A00B42929DF2200B918D1 /* NetworkSpy.swift */ = {isa = PBXFileReference; lastKnownFileType = sourcecode.swift; path = NetworkSpy.swift; sourceTree = "<group>"; };
		A14A00B72929E0C400B918D1 /* MatchModelFixture.swift */ = {isa = PBXFileReference; lastKnownFileType = sourcecode.swift; path = MatchModelFixture.swift; sourceTree = "<group>"; };
		A14A00BA2929E4ED00B918D1 /* FuzeColorsTests.swift */ = {isa = PBXFileReference; lastKnownFileType = sourcecode.swift; path = FuzeColorsTests.swift; sourceTree = "<group>"; };
		A14A00BD2929E64000B918D1 /* FuzeFontsTests.swift */ = {isa = PBXFileReference; lastKnownFileType = sourcecode.swift; path = FuzeFontsTests.swift; sourceTree = "<group>"; };
		A14A00C02929E87100B918D1 /* LocalizableTests.swift */ = {isa = PBXFileReference; lastKnownFileType = sourcecode.swift; path = LocalizableTests.swift; sourceTree = "<group>"; };
		A17BDEBB292BBACA001BF682 /* MatchesViewModelTests.swift */ = {isa = PBXFileReference; lastKnownFileType = sourcecode.swift; path = MatchesViewModelTests.swift; sourceTree = "<group>"; };
		A17BDEBE292BBC1E001BF682 /* MatchesRepositorySpy.swift */ = {isa = PBXFileReference; lastKnownFileType = sourcecode.swift; path = MatchesRepositorySpy.swift; sourceTree = "<group>"; };
		A17BDEC0292BC7F9001BF682 /* MatchesViewControllerDisplaySpy.swift */ = {isa = PBXFileReference; lastKnownFileType = sourcecode.swift; path = MatchesViewControllerDisplaySpy.swift; sourceTree = "<group>"; };
		A17BDEC2292BDB21001BF682 /* MatchViewModelFixture.swift */ = {isa = PBXFileReference; lastKnownFileType = sourcecode.swift; path = MatchViewModelFixture.swift; sourceTree = "<group>"; };
		A17BDEC6292BDB70001BF682 /* ConfrontationOpponentsViewModelFixture.swift */ = {isa = PBXFileReference; lastKnownFileType = sourcecode.swift; path = ConfrontationOpponentsViewModelFixture.swift; sourceTree = "<group>"; };
		A17BDEC8292BE7BC001BF682 /* MatchesViewControllerTests.swift */ = {isa = PBXFileReference; lastKnownFileType = sourcecode.swift; path = MatchesViewControllerTests.swift; sourceTree = "<group>"; };
		A17BDECA292BE7EE001BF682 /* MatchesViewModeSpy.swift */ = {isa = PBXFileReference; lastKnownFileType = sourcecode.swift; path = MatchesViewModeSpy.swift; sourceTree = "<group>"; };
		A17BDECC292BE83B001BF682 /* MatchesViewSpy.swift */ = {isa = PBXFileReference; lastKnownFileType = sourcecode.swift; path = MatchesViewSpy.swift; sourceTree = "<group>"; };
		A17BDECE292BF50F001BF682 /* LoadingView.swift */ = {isa = PBXFileReference; lastKnownFileType = sourcecode.swift; path = LoadingView.swift; sourceTree = "<group>"; };
		A17BDED0292BF526001BF682 /* EmptyStateView.swift */ = {isa = PBXFileReference; lastKnownFileType = sourcecode.swift; path = EmptyStateView.swift; sourceTree = "<group>"; };
		A17BDED2292BF52E001BF682 /* ErrorView.swift */ = {isa = PBXFileReference; lastKnownFileType = sourcecode.swift; path = ErrorView.swift; sourceTree = "<group>"; };
		A17BDED5292C197D001BF682 /* MatchDetailViewController.swift */ = {isa = PBXFileReference; lastKnownFileType = sourcecode.swift; path = MatchDetailViewController.swift; sourceTree = "<group>"; };
		A17BDED9292C19B6001BF682 /* MatchDetailView.swift */ = {isa = PBXFileReference; lastKnownFileType = sourcecode.swift; path = MatchDetailView.swift; sourceTree = "<group>"; };
		A17BDEDD292C1A48001BF682 /* MatchDetailBuilder.swift */ = {isa = PBXFileReference; lastKnownFileType = sourcecode.swift; path = MatchDetailBuilder.swift; sourceTree = "<group>"; };
		A17BDEE1292C2CD8001BF682 /* MatchesCoordinatorSpy.swift */ = {isa = PBXFileReference; lastKnownFileType = sourcecode.swift; path = MatchesCoordinatorSpy.swift; sourceTree = "<group>"; };
		A17BDEE3292C5AB5001BF682 /* PageableTableViewProvider.swift */ = {isa = PBXFileReference; lastKnownFileType = sourcecode.swift; path = PageableTableViewProvider.swift; sourceTree = "<group>"; };
		A17BDEE5292C6B19001BF682 /* MatchesConverter.swift */ = {isa = PBXFileReference; lastKnownFileType = sourcecode.swift; path = MatchesConverter.swift; sourceTree = "<group>"; };
		A17BDEE7292C6C30001BF682 /* MatchesConverterTests.swift */ = {isa = PBXFileReference; lastKnownFileType = sourcecode.swift; path = MatchesConverterTests.swift; sourceTree = "<group>"; };
		A17BDEE9292C6D08001BF682 /* MatchesConverterSpy.swift */ = {isa = PBXFileReference; lastKnownFileType = sourcecode.swift; path = MatchesConverterSpy.swift; sourceTree = "<group>"; };
		A18769F829280E7E006CE7C9 /* fuze.app */ = {isa = PBXFileReference; explicitFileType = wrapper.application; includeInIndex = 0; path = fuze.app; sourceTree = BUILT_PRODUCTS_DIR; };
		A18769FB29280E7E006CE7C9 /* AppDelegate.swift */ = {isa = PBXFileReference; lastKnownFileType = sourcecode.swift; path = AppDelegate.swift; sourceTree = "<group>"; };
		A18769FD29280E7E006CE7C9 /* SceneDelegate.swift */ = {isa = PBXFileReference; lastKnownFileType = sourcecode.swift; path = SceneDelegate.swift; sourceTree = "<group>"; };
		A1876A0429280E7F006CE7C9 /* Assets.xcassets */ = {isa = PBXFileReference; lastKnownFileType = folder.assetcatalog; path = Assets.xcassets; sourceTree = "<group>"; };
		A1876A0729280E7F006CE7C9 /* Base */ = {isa = PBXFileReference; lastKnownFileType = file.storyboard; name = Base; path = Base.lproj/LaunchScreen.storyboard; sourceTree = "<group>"; };
		A1876A0929280E7F006CE7C9 /* Info.plist */ = {isa = PBXFileReference; lastKnownFileType = text.plist.xml; path = Info.plist; sourceTree = "<group>"; };
		A1876A0E29280E7F006CE7C9 /* fuzeTests.xctest */ = {isa = PBXFileReference; explicitFileType = wrapper.cfbundle; includeInIndex = 0; path = fuzeTests.xctest; sourceTree = BUILT_PRODUCTS_DIR; };
		A1876A30292812E1006CE7C9 /* MatchesCoordinator.swift */ = {isa = PBXFileReference; lastKnownFileType = sourcecode.swift; path = MatchesCoordinator.swift; sourceTree = "<group>"; };
		A1876A32292812E8006CE7C9 /* Coordinator.swift */ = {isa = PBXFileReference; lastKnownFileType = sourcecode.swift; path = Coordinator.swift; sourceTree = "<group>"; };
		A1876A3629281EA8006CE7C9 /* NetworkRequest.swift */ = {isa = PBXFileReference; lastKnownFileType = sourcecode.swift; path = NetworkRequest.swift; sourceTree = "<group>"; };
		A1876A3929281FAD006CE7C9 /* BaseURLProvider.swift */ = {isa = PBXFileReference; lastKnownFileType = sourcecode.swift; path = BaseURLProvider.swift; sourceTree = "<group>"; };
		A1876A3B292820A8006CE7C9 /* NetworkServiceMethod.swift */ = {isa = PBXFileReference; lastKnownFileType = sourcecode.swift; path = NetworkServiceMethod.swift; sourceTree = "<group>"; };
		A1876A3D29282412006CE7C9 /* Network.swift */ = {isa = PBXFileReference; lastKnownFileType = sourcecode.swift; path = Network.swift; sourceTree = "<group>"; };
		A1876A4129283743006CE7C9 /* NetworkDeserialization.swift */ = {isa = PBXFileReference; lastKnownFileType = sourcecode.swift; path = NetworkDeserialization.swift; sourceTree = "<group>"; };
		A1876A4329283F55006CE7C9 /* AppConfiguration.xcconfig */ = {isa = PBXFileReference; lastKnownFileType = text.xcconfig; path = AppConfiguration.xcconfig; sourceTree = "<group>"; };
		A1876A442928429A006CE7C9 /* AccessTokenProvider.swift */ = {isa = PBXFileReference; lastKnownFileType = sourcecode.swift; path = AccessTokenProvider.swift; sourceTree = "<group>"; };
		A1876A46292843DC006CE7C9 /* ApiProvider.swift */ = {isa = PBXFileReference; lastKnownFileType = sourcecode.swift; path = ApiProvider.swift; sourceTree = "<group>"; };
		A1876A4D29284F54006CE7C9 /* BaseURLProviderTests.swift */ = {isa = PBXFileReference; lastKnownFileType = sourcecode.swift; path = BaseURLProviderTests.swift; sourceTree = "<group>"; };
		A1876A522928519A006CE7C9 /* AccessTokenProviderTests.swift */ = {isa = PBXFileReference; lastKnownFileType = sourcecode.swift; path = AccessTokenProviderTests.swift; sourceTree = "<group>"; };
		A1876A58292854EF006CE7C9 /* NetworkRequestFixture.swift */ = {isa = PBXFileReference; lastKnownFileType = sourcecode.swift; path = NetworkRequestFixture.swift; sourceTree = "<group>"; };
		A1876A5A29285504006CE7C9 /* NetworkRequestTests.swift */ = {isa = PBXFileReference; lastKnownFileType = sourcecode.swift; path = NetworkRequestTests.swift; sourceTree = "<group>"; };
		A1876A5C29285C51006CE7C9 /* NetworkTests.swift */ = {isa = PBXFileReference; lastKnownFileType = sourcecode.swift; path = NetworkTests.swift; sourceTree = "<group>"; };
		A1876A5F29285C89006CE7C9 /* NetworkDeserializationSpy.swift */ = {isa = PBXFileReference; lastKnownFileType = sourcecode.swift; path = NetworkDeserializationSpy.swift; sourceTree = "<group>"; };
		A1876A6129285DED006CE7C9 /* BaseURLProviderSpy.swift */ = {isa = PBXFileReference; lastKnownFileType = sourcecode.swift; path = BaseURLProviderSpy.swift; sourceTree = "<group>"; };
		A1876A6329285EF4006CE7C9 /* AccessTokenProviderSpy.swift */ = {isa = PBXFileReference; lastKnownFileType = sourcecode.swift; path = AccessTokenProviderSpy.swift; sourceTree = "<group>"; };
		A1876A6729286700006CE7C9 /* ResponseModeFixture.swift */ = {isa = PBXFileReference; lastKnownFileType = sourcecode.swift; path = ResponseModeFixture.swift; sourceTree = "<group>"; };
		A1876A6929286871006CE7C9 /* NetworkProviderSpy.swift */ = {isa = PBXFileReference; lastKnownFileType = sourcecode.swift; path = NetworkProviderSpy.swift; sourceTree = "<group>"; };
		A1876A6B29286A88006CE7C9 /* NetworkProvider.swift */ = {isa = PBXFileReference; lastKnownFileType = sourcecode.swift; path = NetworkProvider.swift; sourceTree = "<group>"; };
		A194CE04292E54D500CC5A8E /* MatchDetailViewModelTests.swift */ = {isa = PBXFileReference; lastKnownFileType = sourcecode.swift; path = MatchDetailViewModelTests.swift; sourceTree = "<group>"; };
		A194CE07292E55A500CC5A8E /* MatchDetailViewControllerDisplaySpy.swift */ = {isa = PBXFileReference; lastKnownFileType = sourcecode.swift; path = MatchDetailViewControllerDisplaySpy.swift; sourceTree = "<group>"; };
		A194CE09292E574C00CC5A8E /* MatchDetailViewControllerTests.swift */ = {isa = PBXFileReference; lastKnownFileType = sourcecode.swift; path = MatchDetailViewControllerTests.swift; sourceTree = "<group>"; };
		A194CE0B292E577E00CC5A8E /* MatchDetailViewModelSpy.swift */ = {isa = PBXFileReference; lastKnownFileType = sourcecode.swift; path = MatchDetailViewModelSpy.swift; sourceTree = "<group>"; };
		A194CE0D292E57A500CC5A8E /* MatchDetailViewSpy.swift */ = {isa = PBXFileReference; lastKnownFileType = sourcecode.swift; path = MatchDetailViewSpy.swift; sourceTree = "<group>"; };
		A194CE12292E5A3D00CC5A8E /* PlayersRepositorySpy.swift */ = {isa = PBXFileReference; lastKnownFileType = sourcecode.swift; path = PlayersRepositorySpy.swift; sourceTree = "<group>"; };
		A194CE14292E5AB800CC5A8E /* PlayersConverterSpy.swift */ = {isa = PBXFileReference; lastKnownFileType = sourcecode.swift; path = PlayersConverterSpy.swift; sourceTree = "<group>"; };
		A194CE16292E5B2300CC5A8E /* PlayersViewModelSpy.swift */ = {isa = PBXFileReference; lastKnownFileType = sourcecode.swift; path = PlayersViewModelSpy.swift; sourceTree = "<group>"; };
		A194CE18292E5B9600CC5A8E /* PlayersViewControllerDisplaySpy.swift */ = {isa = PBXFileReference; lastKnownFileType = sourcecode.swift; path = PlayersViewControllerDisplaySpy.swift; sourceTree = "<group>"; };
		A194CE1A292E5CFE00CC5A8E /* PlayersViewSpy.swift */ = {isa = PBXFileReference; lastKnownFileType = sourcecode.swift; path = PlayersViewSpy.swift; sourceTree = "<group>"; };
		A194CE1D292E5DB800CC5A8E /* PlayerModelFixture.swift */ = {isa = PBXFileReference; lastKnownFileType = sourcecode.swift; path = PlayerModelFixture.swift; sourceTree = "<group>"; };
		A194CE1F292E5E7400CC5A8E /* PlayerViewModelFixture.swift */ = {isa = PBXFileReference; lastKnownFileType = sourcecode.swift; path = PlayerViewModelFixture.swift; sourceTree = "<group>"; };
		A194CE23292E601D00CC5A8E /* PlayersNetworkRequestTests.swift */ = {isa = PBXFileReference; lastKnownFileType = sourcecode.swift; path = PlayersNetworkRequestTests.swift; sourceTree = "<group>"; };
		A194CE25292E621800CC5A8E /* PlayersRepositoryTests.swift */ = {isa = PBXFileReference; lastKnownFileType = sourcecode.swift; path = PlayersRepositoryTests.swift; sourceTree = "<group>"; };
		A194CE28292E640700CC5A8E /* PlayersConverterTests.swift */ = {isa = PBXFileReference; lastKnownFileType = sourcecode.swift; path = PlayersConverterTests.swift; sourceTree = "<group>"; };
		A194CE2A292E651D00CC5A8E /* PlayersViewModelTests.swift */ = {isa = PBXFileReference; lastKnownFileType = sourcecode.swift; path = PlayersViewModelTests.swift; sourceTree = "<group>"; };
		A194CE2C292E6BF600CC5A8E /* PlayersViewControllerTests.swift */ = {isa = PBXFileReference; lastKnownFileType = sourcecode.swift; path = PlayersViewControllerTests.swift; sourceTree = "<group>"; };
		A194CE2E292E74B800CC5A8E /* CacheManager.swift */ = {isa = PBXFileReference; lastKnownFileType = sourcecode.swift; path = CacheManager.swift; sourceTree = "<group>"; };
		A194CE34292E7EA000CC5A8E /* DispatchQueueTestingOverrides.swift */ = {isa = PBXFileReference; lastKnownFileType = sourcecode.swift; path = DispatchQueueTestingOverrides.swift; sourceTree = "<group>"; };
		A194CE37292E92AF00CC5A8E /* NetworkDownloadBuilder.swift */ = {isa = PBXFileReference; lastKnownFileType = sourcecode.swift; path = NetworkDownloadBuilder.swift; sourceTree = "<group>"; };
		A196D86729287B72000ADDEE /* NetworkErrorEquatable.swift */ = {isa = PBXFileReference; lastKnownFileType = sourcecode.swift; path = NetworkErrorEquatable.swift; sourceTree = "<group>"; };
		A196D86929287CC6000ADDEE /* NetworkErrorDummy.swift */ = {isa = PBXFileReference; lastKnownFileType = sourcecode.swift; path = NetworkErrorDummy.swift; sourceTree = "<group>"; };
		A196D86B29287ED5000ADDEE /* NetworkDeserializationTests.swift */ = {isa = PBXFileReference; lastKnownFileType = sourcecode.swift; path = NetworkDeserializationTests.swift; sourceTree = "<group>"; };
		A19B685C29291D6100145256 /* FileManagerProvider.swift */ = {isa = PBXFileReference; lastKnownFileType = sourcecode.swift; path = FileManagerProvider.swift; sourceTree = "<group>"; };
		A19B685E2929254E00145256 /* FileManagerProviderSpy.swift */ = {isa = PBXFileReference; lastKnownFileType = sourcecode.swift; path = FileManagerProviderSpy.swift; sourceTree = "<group>"; };
		A19B686029292B0000145256 /* NetworkDownload.swift */ = {isa = PBXFileReference; lastKnownFileType = sourcecode.swift; path = NetworkDownload.swift; sourceTree = "<group>"; };
		A19B686729292D0A00145256 /* NetworkDownloadTests.swift */ = {isa = PBXFileReference; lastKnownFileType = sourcecode.swift; path = NetworkDownloadTests.swift; sourceTree = "<group>"; };
		A19B686A29295C4500145256 /* MatchesViewController.swift */ = {isa = PBXFileReference; lastKnownFileType = sourcecode.swift; path = MatchesViewController.swift; sourceTree = "<group>"; };
		A19B686F29295DC000145256 /* MatchesViewModel.swift */ = {isa = PBXFileReference; lastKnownFileType = sourcecode.swift; path = MatchesViewModel.swift; sourceTree = "<group>"; };
		A19B687129295DF600145256 /* MatchesBuilder.swift */ = {isa = PBXFileReference; lastKnownFileType = sourcecode.swift; path = MatchesBuilder.swift; sourceTree = "<group>"; };
		A19B6874292966E900145256 /* Colors.xcassets */ = {isa = PBXFileReference; lastKnownFileType = folder.assetcatalog; path = Colors.xcassets; sourceTree = "<group>"; };
		A19B68772929698900145256 /* FuzeColors.swift */ = {isa = PBXFileReference; lastKnownFileType = sourcecode.swift; path = FuzeColors.swift; sourceTree = "<group>"; };
		A19B687A29296FCE00145256 /* Roboto-Medium.ttf */ = {isa = PBXFileReference; lastKnownFileType = file; path = "Roboto-Medium.ttf"; sourceTree = "<group>"; };
		A19B687C2929703000145256 /* FuzeFonts.swift */ = {isa = PBXFileReference; lastKnownFileType = sourcecode.swift; path = FuzeFonts.swift; sourceTree = "<group>"; };
		A19B687F292975B200145256 /* Localizable.swift */ = {isa = PBXFileReference; lastKnownFileType = sourcecode.swift; path = Localizable.swift; sourceTree = "<group>"; };
		A19B6884292978C300145256 /* en */ = {isa = PBXFileReference; lastKnownFileType = text.plist.strings; name = en; path = en.lproj/Localizable.strings; sourceTree = "<group>"; };
		A19B6886292978F000145256 /* pt-BR */ = {isa = PBXFileReference; lastKnownFileType = text.plist.strings; name = "pt-BR"; path = "pt-BR.lproj/LaunchScreen.strings"; sourceTree = "<group>"; };
		A19B6887292978F000145256 /* pt-BR */ = {isa = PBXFileReference; lastKnownFileType = text.plist.strings; name = "pt-BR"; path = "pt-BR.lproj/Localizable.strings"; sourceTree = "<group>"; };
		A19B688829297B3700145256 /* MatchesRepository.swift */ = {isa = PBXFileReference; lastKnownFileType = sourcecode.swift; path = MatchesRepository.swift; sourceTree = "<group>"; };
		A19B688A29297C8A00145256 /* MatchesNetworkRequest.swift */ = {isa = PBXFileReference; lastKnownFileType = sourcecode.swift; path = MatchesNetworkRequest.swift; sourceTree = "<group>"; };
		A19B688C29297D2000145256 /* NetworkBuilder.swift */ = {isa = PBXFileReference; lastKnownFileType = sourcecode.swift; path = NetworkBuilder.swift; sourceTree = "<group>"; };
		A19F31BA292A82DA00EAABDE /* Reusable.swift */ = {isa = PBXFileReference; lastKnownFileType = sourcecode.swift; path = Reusable.swift; sourceTree = "<group>"; };
		A19F31BC292A83E900EAABDE /* MatchesView.swift */ = {isa = PBXFileReference; lastKnownFileType = sourcecode.swift; path = MatchesView.swift; sourceTree = "<group>"; };
		A19F31BF292A859300EAABDE /* ConstraintsTools.swift */ = {isa = PBXFileReference; lastKnownFileType = sourcecode.swift; path = ConstraintsTools.swift; sourceTree = "<group>"; };
		A19F31C2292A8A9200EAABDE /* MatchTableViewCell.swift */ = {isa = PBXFileReference; lastKnownFileType = sourcecode.swift; path = MatchTableViewCell.swift; sourceTree = "<group>"; };
		A19F31C9292AA99A00EAABDE /* ConfrontationOpponentsView.swift */ = {isa = PBXFileReference; lastKnownFileType = sourcecode.swift; path = ConfrontationOpponentsView.swift; sourceTree = "<group>"; };
		A19F31CC292AC80D00EAABDE /* FuzeImages.swift */ = {isa = PBXFileReference; lastKnownFileType = sourcecode.swift; path = FuzeImages.swift; sourceTree = "<group>"; };
		A19F31CF292AC8D200EAABDE /* FuzeImagesTests.swift */ = {isa = PBXFileReference; lastKnownFileType = sourcecode.swift; path = FuzeImagesTests.swift; sourceTree = "<group>"; };
		A19F31D2292ACA6800EAABDE /* DownloadImage.swift */ = {isa = PBXFileReference; lastKnownFileType = sourcecode.swift; path = DownloadImage.swift; sourceTree = "<group>"; };
		A19F31D5292AD43E00EAABDE /* DateFormatter.swift */ = {isa = PBXFileReference; lastKnownFileType = sourcecode.swift; path = DateFormatter.swift; sourceTree = "<group>"; };
		A1A24348292D175F00A6EEEE /* PlayerTableViewCell.swift */ = {isa = PBXFileReference; lastKnownFileType = sourcecode.swift; path = PlayerTableViewCell.swift; sourceTree = "<group>"; };
		A1A2434A292D373700A6EEEE /* MatchDetailHeaderView.swift */ = {isa = PBXFileReference; lastKnownFileType = sourcecode.swift; path = MatchDetailHeaderView.swift; sourceTree = "<group>"; };
		A1A2434D292D47AD00A6EEEE /* PlayerModel.swift */ = {isa = PBXFileReference; lastKnownFileType = sourcecode.swift; path = PlayerModel.swift; sourceTree = "<group>"; };
		A1A2434F292D48A100A6EEEE /* PlayersNetworkRequest.swift */ = {isa = PBXFileReference; lastKnownFileType = sourcecode.swift; path = PlayersNetworkRequest.swift; sourceTree = "<group>"; };
		A1A24351292D498800A6EEEE /* PlayersRepository.swift */ = {isa = PBXFileReference; lastKnownFileType = sourcecode.swift; path = PlayersRepository.swift; sourceTree = "<group>"; };
		A1A24353292D4A2900A6EEEE /* PlayersViewModel.swift */ = {isa = PBXFileReference; lastKnownFileType = sourcecode.swift; path = PlayersViewModel.swift; sourceTree = "<group>"; };
		A1A24355292D4A3D00A6EEEE /* PlayersConverter.swift */ = {isa = PBXFileReference; lastKnownFileType = sourcecode.swift; path = PlayersConverter.swift; sourceTree = "<group>"; };
		A1A2435B292D81ED00A6EEEE /* PlayersViewController.swift */ = {isa = PBXFileReference; lastKnownFileType = sourcecode.swift; path = PlayersViewController.swift; sourceTree = "<group>"; };
		A1A2435D292D820000A6EEEE /* PlayersView.swift */ = {isa = PBXFileReference; lastKnownFileType = sourcecode.swift; path = PlayersView.swift; sourceTree = "<group>"; };
		A1A24360292D8DC400A6EEEE /* PlayersBuilder.swift */ = {isa = PBXFileReference; lastKnownFileType = sourcecode.swift; path = PlayersBuilder.swift; sourceTree = "<group>"; };
		A1A24362292D928E00A6EEEE /* MatchDetailViewModel.swift */ = {isa = PBXFileReference; lastKnownFileType = sourcecode.swift; path = MatchDetailViewModel.swift; sourceTree = "<group>"; };
/* End PBXFileReference section */

/* Begin PBXFrameworksBuildPhase section */
		A18769F529280E7E006CE7C9 /* Frameworks */ = {
			isa = PBXFrameworksBuildPhase;
			buildActionMask = 2147483647;
			files = (
			);
			runOnlyForDeploymentPostprocessing = 0;
		};
		A1876A0B29280E7F006CE7C9 /* Frameworks */ = {
			isa = PBXFrameworksBuildPhase;
			buildActionMask = 2147483647;
			files = (
			);
			runOnlyForDeploymentPostprocessing = 0;
		};
/* End PBXFrameworksBuildPhase section */

/* Begin PBXGroup section */
		A13F6176292EB86200F58BE9 /* DispatchQueue */ = {
			isa = PBXGroup;
			children = (
				A13F6177292EB87200F58BE9 /* DispatchQueue.swift */,
			);
			path = DispatchQueue;
			sourceTree = "<group>";
		};
		A14A00AD2929DB0900B918D1 /* Features */ = {
			isa = PBXGroup;
			children = (
				A14A00AE2929DB1200B918D1 /* Matches */,
				A194CE01292E539700CC5A8E /* MatchDetail */,
				A194CE10292E59E300CC5A8E /* Players */,
				A17BDEC4292BDB51001BF682 /* Common */,
			);
			path = Features;
			sourceTree = "<group>";
		};
		A14A00AE2929DB1200B918D1 /* Matches */ = {
			isa = PBXGroup;
			children = (
				A14A00B62929E0B300B918D1 /* Fixtures */,
				A17BDEBD292BBC0D001BF682 /* Doubles */,
				A14A00AF2929DB1E00B918D1 /* Domain */,
				A17BDEBA292BBAA2001BF682 /* Scene */,
			);
			path = Matches;
			sourceTree = "<group>";
		};
		A14A00AF2929DB1E00B918D1 /* Domain */ = {
			isa = PBXGroup;
			children = (
				A14A00B02929DB4400B918D1 /* MatchesNetworkRequestTests.swift */,
				A14A00B22929DED800B918D1 /* MatchesRepositoryTests.swift */,
			);
			path = Domain;
			sourceTree = "<group>";
		};
		A14A00B62929E0B300B918D1 /* Fixtures */ = {
			isa = PBXGroup;
			children = (
				A14A00B72929E0C400B918D1 /* MatchModelFixture.swift */,
				A17BDEC2292BDB21001BF682 /* MatchViewModelFixture.swift */,
			);
			path = Fixtures;
			sourceTree = "<group>";
		};
		A14A00B92929E4DD00B918D1 /* Colors */ = {
			isa = PBXGroup;
			children = (
				A14A00BA2929E4ED00B918D1 /* FuzeColorsTests.swift */,
			);
			path = Colors;
			sourceTree = "<group>";
		};
		A14A00BC2929E62D00B918D1 /* Fonts */ = {
			isa = PBXGroup;
			children = (
				A14A00BD2929E64000B918D1 /* FuzeFontsTests.swift */,
			);
			path = Fonts;
			sourceTree = "<group>";
		};
		A14A00BF2929E82E00B918D1 /* Localizable */ = {
			isa = PBXGroup;
			children = (
				A14A00C02929E87100B918D1 /* LocalizableTests.swift */,
			);
			path = Localizable;
			sourceTree = "<group>";
		};
		A17BDEBA292BBAA2001BF682 /* Scene */ = {
			isa = PBXGroup;
			children = (
				A17BDEE7292C6C30001BF682 /* MatchesConverterTests.swift */,
				A17BDEBB292BBACA001BF682 /* MatchesViewModelTests.swift */,
				A17BDEC8292BE7BC001BF682 /* MatchesViewControllerTests.swift */,
			);
			path = Scene;
			sourceTree = "<group>";
		};
		A17BDEBD292BBC0D001BF682 /* Doubles */ = {
			isa = PBXGroup;
			children = (
				A17BDEBE292BBC1E001BF682 /* MatchesRepositorySpy.swift */,
				A17BDEE9292C6D08001BF682 /* MatchesConverterSpy.swift */,
				A17BDEC0292BC7F9001BF682 /* MatchesViewControllerDisplaySpy.swift */,
				A17BDECA292BE7EE001BF682 /* MatchesViewModeSpy.swift */,
				A17BDECC292BE83B001BF682 /* MatchesViewSpy.swift */,
			);
			path = Doubles;
			sourceTree = "<group>";
		};
		A17BDEC4292BDB51001BF682 /* Common */ = {
			isa = PBXGroup;
			children = (
				A17BDEC5292BDB5C001BF682 /* Fixture */,
			);
			path = Common;
			sourceTree = "<group>";
		};
		A17BDEC5292BDB5C001BF682 /* Fixture */ = {
			isa = PBXGroup;
			children = (
				A17BDEC6292BDB70001BF682 /* ConfrontationOpponentsViewModelFixture.swift */,
			);
			path = Fixture;
			sourceTree = "<group>";
		};
		A17BDED4292C196D001BF682 /* MatchDetail */ = {
			isa = PBXGroup;
			children = (
				A17BDEDC292C1A2E001BF682 /* Composite */,
				A17BDED7292C1996001BF682 /* Scene */,
			);
			path = MatchDetail;
			sourceTree = "<group>";
		};
		A17BDED7292C1996001BF682 /* Scene */ = {
			isa = PBXGroup;
			children = (
				A1A24362292D928E00A6EEEE /* MatchDetailViewModel.swift */,
				A17BDED5292C197D001BF682 /* MatchDetailViewController.swift */,
				A17BDED8292C19A6001BF682 /* Views */,
			);
			path = Scene;
			sourceTree = "<group>";
		};
		A17BDED8292C19A6001BF682 /* Views */ = {
			isa = PBXGroup;
			children = (
				A17BDED9292C19B6001BF682 /* MatchDetailView.swift */,
				A1A2434A292D373700A6EEEE /* MatchDetailHeaderView.swift */,
			);
			path = Views;
			sourceTree = "<group>";
		};
		A17BDEDC292C1A2E001BF682 /* Composite */ = {
			isa = PBXGroup;
			children = (
				A17BDEDD292C1A48001BF682 /* MatchDetailBuilder.swift */,
			);
			path = Composite;
			sourceTree = "<group>";
		};
		A17BDEDF292C2CC5001BF682 /* Coordinator */ = {
			isa = PBXGroup;
			children = (
				A17BDEE0292C2CCE001BF682 /* Double */,
			);
			path = Coordinator;
			sourceTree = "<group>";
		};
		A17BDEE0292C2CCE001BF682 /* Double */ = {
			isa = PBXGroup;
			children = (
				A17BDEE1292C2CD8001BF682 /* MatchesCoordinatorSpy.swift */,
			);
			path = Double;
			sourceTree = "<group>";
		};
		A18769EF29280E7E006CE7C9 = {
			isa = PBXGroup;
			children = (
				A1876A4329283F55006CE7C9 /* AppConfiguration.xcconfig */,
				A18769FA29280E7E006CE7C9 /* fuze */,
				A1876A1129280E7F006CE7C9 /* fuzeTests */,
				A18769F929280E7E006CE7C9 /* Products */,
			);
			sourceTree = "<group>";
		};
		A18769F929280E7E006CE7C9 /* Products */ = {
			isa = PBXGroup;
			children = (
				A18769F829280E7E006CE7C9 /* fuze.app */,
				A1876A0E29280E7F006CE7C9 /* fuzeTests.xctest */,
			);
			name = Products;
			sourceTree = "<group>";
		};
		A18769FA29280E7E006CE7C9 /* fuze */ = {
			isa = PBXGroup;
			children = (
				A1876A2B292811D8006CE7C9 /* AppDelegate */,
				A1876A2F292812C6006CE7C9 /* Coordinator */,
				A1876A3429281B2A006CE7C9 /* Common */,
				A1876A2D292811E6006CE7C9 /* Features */,
				A1876A2E292811EC006CE7C9 /* Resources */,
			);
			path = fuze;
			sourceTree = "<group>";
		};
		A1876A1129280E7F006CE7C9 /* fuzeTests */ = {
			isa = PBXGroup;
			children = (
				A17BDEDF292C2CC5001BF682 /* Coordinator */,
				A1876A4A29284F0F006CE7C9 /* Common */,
				A14A00AD2929DB0900B918D1 /* Features */,
			);
			path = fuzeTests;
			sourceTree = "<group>";
		};
		A1876A2B292811D8006CE7C9 /* AppDelegate */ = {
			isa = PBXGroup;
			children = (
				A18769FB29280E7E006CE7C9 /* AppDelegate.swift */,
				A18769FD29280E7E006CE7C9 /* SceneDelegate.swift */,
			);
			path = AppDelegate;
			sourceTree = "<group>";
		};
		A1876A2D292811E6006CE7C9 /* Features */ = {
			isa = PBXGroup;
			children = (
				A19B686929295C3300145256 /* Matches */,
				A17BDED4292C196D001BF682 /* MatchDetail */,
				A1A24357292D7EAF00A6EEEE /* Players */,
				A19F31C7292AA96C00EAABDE /* Common */,
			);
			path = Features;
			sourceTree = "<group>";
		};
		A1876A2E292811EC006CE7C9 /* Resources */ = {
			isa = PBXGroup;
			children = (
				A1876A0429280E7F006CE7C9 /* Assets.xcassets */,
				A19B6874292966E900145256 /* Colors.xcassets */,
				A1876A0629280E7F006CE7C9 /* LaunchScreen.storyboard */,
				A1876A0929280E7F006CE7C9 /* Info.plist */,
			);
			path = Resources;
			sourceTree = "<group>";
		};
		A1876A2F292812C6006CE7C9 /* Coordinator */ = {
			isa = PBXGroup;
			children = (
				A1876A32292812E8006CE7C9 /* Coordinator.swift */,
				A1876A30292812E1006CE7C9 /* MatchesCoordinator.swift */,
			);
			path = Coordinator;
			sourceTree = "<group>";
		};
		A1876A3429281B2A006CE7C9 /* Common */ = {
			isa = PBXGroup;
			children = (
				A13F6176292EB86200F58BE9 /* DispatchQueue */,
				A19F31D4292AD40600EAABDE /* Formatters */,
				A19F31D1292ACA5A00EAABDE /* DownloadImage */,
				A19F31BE292A856700EAABDE /* ConstraintsTools */,
				A19F31B9292A82C200EAABDE /* ReusableCell */,
				A19F31CB292AC7EC00EAABDE /* Images */,
				A19B687E292973FF00145256 /* Localizable */,
				A19B687929296DD500145256 /* Fonts */,
				A19B68762929697A00145256 /* Colors */,
				A1876A3529281B3F006CE7C9 /* NetworkService */,
			);
			path = Common;
			sourceTree = "<group>";
		};
		A1876A3529281B3F006CE7C9 /* NetworkService */ = {
			isa = PBXGroup;
			children = (
				A1876A4829284EAA006CE7C9 /* Providers */,
				A19B686329292BEC00145256 /* Network */,
				A19B686429292BFF00145256 /* Download */,
			);
			path = NetworkService;
			sourceTree = "<group>";
		};
		A1876A4829284EAA006CE7C9 /* Providers */ = {
			isa = PBXGroup;
			children = (
				A1876A46292843DC006CE7C9 /* ApiProvider.swift */,
				A1876A3929281FAD006CE7C9 /* BaseURLProvider.swift */,
				A1876A442928429A006CE7C9 /* AccessTokenProvider.swift */,
				A1876A6B29286A88006CE7C9 /* NetworkProvider.swift */,
				A19B685C29291D6100145256 /* FileManagerProvider.swift */,
			);
			path = Providers;
			sourceTree = "<group>";
		};
		A1876A4929284EBE006CE7C9 /* Method */ = {
			isa = PBXGroup;
			children = (
				A1876A3B292820A8006CE7C9 /* NetworkServiceMethod.swift */,
			);
			path = Method;
			sourceTree = "<group>";
		};
		A1876A4A29284F0F006CE7C9 /* Common */ = {
			isa = PBXGroup;
			children = (
				A19F31CE292AC8C600EAABDE /* Images */,
				A14A00BF2929E82E00B918D1 /* Localizable */,
				A14A00BC2929E62D00B918D1 /* Fonts */,
				A14A00B92929E4DD00B918D1 /* Colors */,
				A1876A4B29284F2D006CE7C9 /* NetworkService */,
			);
			path = Common;
			sourceTree = "<group>";
		};
		A1876A4B29284F2D006CE7C9 /* NetworkService */ = {
			isa = PBXGroup;
			children = (
				A1876A57292854DE006CE7C9 /* Fixtures */,
				A1876A5E29285C64006CE7C9 /* Doubles */,
				A1876A4C29284F3D006CE7C9 /* Providers */,
				A19B686529292C5800145256 /* Network */,
				A19B686629292CED00145256 /* Download */,
			);
			path = NetworkService;
			sourceTree = "<group>";
		};
		A1876A4C29284F3D006CE7C9 /* Providers */ = {
			isa = PBXGroup;
			children = (
				A1876A4D29284F54006CE7C9 /* BaseURLProviderTests.swift */,
				A1876A522928519A006CE7C9 /* AccessTokenProviderTests.swift */,
			);
			path = Providers;
			sourceTree = "<group>";
		};
		A1876A57292854DE006CE7C9 /* Fixtures */ = {
			isa = PBXGroup;
			children = (
				A1876A58292854EF006CE7C9 /* NetworkRequestFixture.swift */,
				A1876A6729286700006CE7C9 /* ResponseModeFixture.swift */,
			);
			path = Fixtures;
			sourceTree = "<group>";
		};
		A1876A5E29285C64006CE7C9 /* Doubles */ = {
			isa = PBXGroup;
			children = (
				A1876A5F29285C89006CE7C9 /* NetworkDeserializationSpy.swift */,
				A1876A6129285DED006CE7C9 /* BaseURLProviderSpy.swift */,
				A1876A6329285EF4006CE7C9 /* AccessTokenProviderSpy.swift */,
				A1876A6929286871006CE7C9 /* NetworkProviderSpy.swift */,
				A19B685E2929254E00145256 /* FileManagerProviderSpy.swift */,
				A13F6174292EB71000F58BE9 /* CacheManagerSpy.swift */,
				A14A00B42929DF2200B918D1 /* NetworkSpy.swift */,
				A196D86929287CC6000ADDEE /* NetworkErrorDummy.swift */,
				A196D86729287B72000ADDEE /* NetworkErrorEquatable.swift */,
			);
			path = Doubles;
			sourceTree = "<group>";
		};
		A194CE00292E536E00CC5A8E /* DataProvider */ = {
			isa = PBXGroup;
			children = (
				A17BDEE3292C5AB5001BF682 /* PageableTableViewProvider.swift */,
			);
			path = DataProvider;
			sourceTree = "<group>";
		};
		A194CE01292E539700CC5A8E /* MatchDetail */ = {
			isa = PBXGroup;
			children = (
				A194CE06292E559000CC5A8E /* Doubles */,
				A194CE02292E54BE00CC5A8E /* Scene */,
			);
			path = MatchDetail;
			sourceTree = "<group>";
		};
		A194CE02292E54BE00CC5A8E /* Scene */ = {
			isa = PBXGroup;
			children = (
				A194CE04292E54D500CC5A8E /* MatchDetailViewModelTests.swift */,
				A194CE09292E574C00CC5A8E /* MatchDetailViewControllerTests.swift */,
			);
			path = Scene;
			sourceTree = "<group>";
		};
		A194CE06292E559000CC5A8E /* Doubles */ = {
			isa = PBXGroup;
			children = (
				A194CE07292E55A500CC5A8E /* MatchDetailViewControllerDisplaySpy.swift */,
				A194CE0B292E577E00CC5A8E /* MatchDetailViewModelSpy.swift */,
				A194CE0D292E57A500CC5A8E /* MatchDetailViewSpy.swift */,
			);
			path = Doubles;
			sourceTree = "<group>";
		};
		A194CE10292E59E300CC5A8E /* Players */ = {
			isa = PBXGroup;
			children = (
				A194CE1C292E5D9D00CC5A8E /* Fixtures */,
				A194CE11292E5A1E00CC5A8E /* Doubles */,
				A194CE22292E600200CC5A8E /* Domain */,
				A194CE27292E63EB00CC5A8E /* Scene */,
			);
			path = Players;
			sourceTree = "<group>";
		};
		A194CE11292E5A1E00CC5A8E /* Doubles */ = {
			isa = PBXGroup;
			children = (
				A194CE12292E5A3D00CC5A8E /* PlayersRepositorySpy.swift */,
				A194CE14292E5AB800CC5A8E /* PlayersConverterSpy.swift */,
				A194CE16292E5B2300CC5A8E /* PlayersViewModelSpy.swift */,
				A194CE18292E5B9600CC5A8E /* PlayersViewControllerDisplaySpy.swift */,
				A194CE1A292E5CFE00CC5A8E /* PlayersViewSpy.swift */,
			);
			path = Doubles;
			sourceTree = "<group>";
		};
		A194CE1C292E5D9D00CC5A8E /* Fixtures */ = {
			isa = PBXGroup;
			children = (
				A194CE1D292E5DB800CC5A8E /* PlayerModelFixture.swift */,
				A194CE1F292E5E7400CC5A8E /* PlayerViewModelFixture.swift */,
			);
			path = Fixtures;
			sourceTree = "<group>";
		};
		A194CE22292E600200CC5A8E /* Domain */ = {
			isa = PBXGroup;
			children = (
				A194CE23292E601D00CC5A8E /* PlayersNetworkRequestTests.swift */,
				A194CE25292E621800CC5A8E /* PlayersRepositoryTests.swift */,
			);
			path = Domain;
			sourceTree = "<group>";
		};
		A194CE27292E63EB00CC5A8E /* Scene */ = {
			isa = PBXGroup;
			children = (
				A194CE28292E640700CC5A8E /* PlayersConverterTests.swift */,
				A194CE2A292E651D00CC5A8E /* PlayersViewModelTests.swift */,
				A194CE2C292E6BF600CC5A8E /* PlayersViewControllerTests.swift */,
			);
			path = Scene;
			sourceTree = "<group>";
		};
		A194CE33292E7E8100CC5A8E /* Doubles */ = {
			isa = PBXGroup;
			children = (
				A194CE34292E7EA000CC5A8E /* DispatchQueueTestingOverrides.swift */,
			);
			path = Doubles;
			sourceTree = "<group>";
		};
		A19B686329292BEC00145256 /* Network */ = {
			isa = PBXGroup;
			children = (
				A1876A4929284EBE006CE7C9 /* Method */,
				A1876A4129283743006CE7C9 /* NetworkDeserialization.swift */,
				A1876A3629281EA8006CE7C9 /* NetworkRequest.swift */,
				A1876A3D29282412006CE7C9 /* Network.swift */,
				A19B688C29297D2000145256 /* NetworkBuilder.swift */,
			);
			path = Network;
			sourceTree = "<group>";
		};
		A19B686429292BFF00145256 /* Download */ = {
			isa = PBXGroup;
			children = (
				A194CE2E292E74B800CC5A8E /* CacheManager.swift */,
				A19B686029292B0000145256 /* NetworkDownload.swift */,
				A194CE37292E92AF00CC5A8E /* NetworkDownloadBuilder.swift */,
			);
			path = Download;
			sourceTree = "<group>";
		};
		A19B686529292C5800145256 /* Network */ = {
			isa = PBXGroup;
			children = (
				A196D86B29287ED5000ADDEE /* NetworkDeserializationTests.swift */,
				A1876A5A29285504006CE7C9 /* NetworkRequestTests.swift */,
				A1876A5C29285C51006CE7C9 /* NetworkTests.swift */,
			);
			path = Network;
			sourceTree = "<group>";
		};
		A19B686629292CED00145256 /* Download */ = {
			isa = PBXGroup;
			children = (
				A19B686729292D0A00145256 /* NetworkDownloadTests.swift */,
			);
			path = Download;
			sourceTree = "<group>";
		};
		A19B686929295C3300145256 /* Matches */ = {
			isa = PBXGroup;
			children = (
				A19B686D29295D9C00145256 /* Composite */,
				A19B686C29295D9000145256 /* Domain */,
				A19B686E29295DA400145256 /* Scene */,
			);
			path = Matches;
			sourceTree = "<group>";
		};
		A19B686C29295D9000145256 /* Domain */ = {
			isa = PBXGroup;
			children = (
				A14A00AB2929C0A500B918D1 /* MatchModel.swift */,
				A19B688A29297C8A00145256 /* MatchesNetworkRequest.swift */,
				A19B688829297B3700145256 /* MatchesRepository.swift */,
			);
			path = Domain;
			sourceTree = "<group>";
		};
		A19B686D29295D9C00145256 /* Composite */ = {
			isa = PBXGroup;
			children = (
				A19B687129295DF600145256 /* MatchesBuilder.swift */,
			);
			path = Composite;
			sourceTree = "<group>";
		};
		A19B686E29295DA400145256 /* Scene */ = {
			isa = PBXGroup;
			children = (
				A17BDEE5292C6B19001BF682 /* MatchesConverter.swift */,
				A19B686F29295DC000145256 /* MatchesViewModel.swift */,
				A19B686A29295C4500145256 /* MatchesViewController.swift */,
				A19F31C1292A8A7100EAABDE /* Views */,
			);
			path = Scene;
			sourceTree = "<group>";
		};
		A19B68762929697A00145256 /* Colors */ = {
			isa = PBXGroup;
			children = (
				A19B68772929698900145256 /* FuzeColors.swift */,
			);
			path = Colors;
			sourceTree = "<group>";
		};
		A19B687929296DD500145256 /* Fonts */ = {
			isa = PBXGroup;
			children = (
				A19B687A29296FCE00145256 /* Roboto-Medium.ttf */,
				A19B687C2929703000145256 /* FuzeFonts.swift */,
			);
			path = Fonts;
			sourceTree = "<group>";
		};
		A19B687E292973FF00145256 /* Localizable */ = {
			isa = PBXGroup;
			children = (
				A19B687F292975B200145256 /* Localizable.swift */,
				A19B6885292978C300145256 /* Localizable.strings */,
			);
			path = Localizable;
			sourceTree = "<group>";
		};
		A19F31B9292A82C200EAABDE /* ReusableCell */ = {
			isa = PBXGroup;
			children = (
				A19F31BA292A82DA00EAABDE /* Reusable.swift */,
			);
			path = ReusableCell;
			sourceTree = "<group>";
		};
		A19F31BE292A856700EAABDE /* ConstraintsTools */ = {
			isa = PBXGroup;
			children = (
				A19F31BF292A859300EAABDE /* ConstraintsTools.swift */,
			);
			path = ConstraintsTools;
			sourceTree = "<group>";
		};
		A19F31C1292A8A7100EAABDE /* Views */ = {
			isa = PBXGroup;
			children = (
				A19F31BC292A83E900EAABDE /* MatchesView.swift */,
				A19F31C2292A8A9200EAABDE /* MatchTableViewCell.swift */,
			);
			path = Views;
			sourceTree = "<group>";
		};
		A19F31C7292AA96C00EAABDE /* Common */ = {
			isa = PBXGroup;
			children = (
				A194CE33292E7E8100CC5A8E /* Doubles */,
				A194CE00292E536E00CC5A8E /* DataProvider */,
				A19F31C8292AA97900EAABDE /* Views */,
			);
			path = Common;
			sourceTree = "<group>";
		};
		A19F31C8292AA97900EAABDE /* Views */ = {
			isa = PBXGroup;
			children = (
				A19F31C9292AA99A00EAABDE /* ConfrontationOpponentsView.swift */,
				A17BDECE292BF50F001BF682 /* LoadingView.swift */,
				A17BDED0292BF526001BF682 /* EmptyStateView.swift */,
				A17BDED2292BF52E001BF682 /* ErrorView.swift */,
			);
			path = Views;
			sourceTree = "<group>";
		};
		A19F31CB292AC7EC00EAABDE /* Images */ = {
			isa = PBXGroup;
			children = (
				A19F31CC292AC80D00EAABDE /* FuzeImages.swift */,
			);
			path = Images;
			sourceTree = "<group>";
		};
		A19F31CE292AC8C600EAABDE /* Images */ = {
			isa = PBXGroup;
			children = (
				A19F31CF292AC8D200EAABDE /* FuzeImagesTests.swift */,
			);
			path = Images;
			sourceTree = "<group>";
		};
		A19F31D1292ACA5A00EAABDE /* DownloadImage */ = {
			isa = PBXGroup;
			children = (
				A19F31D2292ACA6800EAABDE /* DownloadImage.swift */,
			);
			path = DownloadImage;
			sourceTree = "<group>";
		};
		A19F31D4292AD40600EAABDE /* Formatters */ = {
			isa = PBXGroup;
			children = (
				A19F31D5292AD43E00EAABDE /* DateFormatter.swift */,
			);
			path = Formatters;
			sourceTree = "<group>";
		};
		A1A2434C292D469300A6EEEE /* Domain */ = {
			isa = PBXGroup;
			children = (
				A1A2434D292D47AD00A6EEEE /* PlayerModel.swift */,
				A1A2434F292D48A100A6EEEE /* PlayersNetworkRequest.swift */,
				A1A24351292D498800A6EEEE /* PlayersRepository.swift */,
			);
			path = Domain;
			sourceTree = "<group>";
		};
		A1A24357292D7EAF00A6EEEE /* Players */ = {
			isa = PBXGroup;
			children = (
				A1A2435F292D8DB500A6EEEE /* Composite */,
				A1A2434C292D469300A6EEEE /* Domain */,
				A1A24358292D7ED300A6EEEE /* Scene */,
			);
			path = Players;
			sourceTree = "<group>";
		};
		A1A24358292D7ED300A6EEEE /* Scene */ = {
			isa = PBXGroup;
			children = (
				A1A24355292D4A3D00A6EEEE /* PlayersConverter.swift */,
				A1A24353292D4A2900A6EEEE /* PlayersViewModel.swift */,
				A1A2435B292D81ED00A6EEEE /* PlayersViewController.swift */,
				A1A24359292D7EEB00A6EEEE /* Views */,
			);
			path = Scene;
			sourceTree = "<group>";
		};
		A1A24359292D7EEB00A6EEEE /* Views */ = {
			isa = PBXGroup;
			children = (
				A1A2435D292D820000A6EEEE /* PlayersView.swift */,
				A1A24348292D175F00A6EEEE /* PlayerTableViewCell.swift */,
			);
			path = Views;
			sourceTree = "<group>";
		};
		A1A2435F292D8DB500A6EEEE /* Composite */ = {
			isa = PBXGroup;
			children = (
				A1A24360292D8DC400A6EEEE /* PlayersBuilder.swift */,
			);
			path = Composite;
			sourceTree = "<group>";
		};
/* End PBXGroup section */

/* Begin PBXNativeTarget section */
		A18769F729280E7E006CE7C9 /* fuze */ = {
			isa = PBXNativeTarget;
			buildConfigurationList = A1876A2229280E7F006CE7C9 /* Build configuration list for PBXNativeTarget "fuze" */;
			buildPhases = (
				A18769F429280E7E006CE7C9 /* Sources */,
				A18769F529280E7E006CE7C9 /* Frameworks */,
				A18769F629280E7E006CE7C9 /* Resources */,
			);
			buildRules = (
			);
			dependencies = (
			);
			name = fuze;
			productName = fuze;
			productReference = A18769F829280E7E006CE7C9 /* fuze.app */;
			productType = "com.apple.product-type.application";
		};
		A1876A0D29280E7F006CE7C9 /* fuzeTests */ = {
			isa = PBXNativeTarget;
			buildConfigurationList = A1876A2529280E7F006CE7C9 /* Build configuration list for PBXNativeTarget "fuzeTests" */;
			buildPhases = (
				A1876A0A29280E7F006CE7C9 /* Sources */,
				A1876A0B29280E7F006CE7C9 /* Frameworks */,
				A1876A0C29280E7F006CE7C9 /* Resources */,
			);
			buildRules = (
			);
			dependencies = (
				A1876A1029280E7F006CE7C9 /* PBXTargetDependency */,
			);
			name = fuzeTests;
			productName = fuzeTests;
			productReference = A1876A0E29280E7F006CE7C9 /* fuzeTests.xctest */;
			productType = "com.apple.product-type.bundle.unit-test";
		};
/* End PBXNativeTarget section */

/* Begin PBXProject section */
		A18769F029280E7E006CE7C9 /* Project object */ = {
			isa = PBXProject;
			attributes = {
				BuildIndependentTargetsInParallel = 1;
				LastSwiftUpdateCheck = 1340;
				LastUpgradeCheck = 1340;
				TargetAttributes = {
					A18769F729280E7E006CE7C9 = {
						CreatedOnToolsVersion = 13.4.1;
					};
					A1876A0D29280E7F006CE7C9 = {
						CreatedOnToolsVersion = 13.4.1;
						TestTargetID = A18769F729280E7E006CE7C9;
					};
				};
			};
			buildConfigurationList = A18769F329280E7E006CE7C9 /* Build configuration list for PBXProject "fuze" */;
			compatibilityVersion = "Xcode 13.0";
			developmentRegion = en;
			hasScannedForEncodings = 0;
			knownRegions = (
				en,
				Base,
				"pt-BR",
			);
			mainGroup = A18769EF29280E7E006CE7C9;
			productRefGroup = A18769F929280E7E006CE7C9 /* Products */;
			projectDirPath = "";
			projectRoot = "";
			targets = (
				A18769F729280E7E006CE7C9 /* fuze */,
				A1876A0D29280E7F006CE7C9 /* fuzeTests */,
			);
		};
/* End PBXProject section */

/* Begin PBXResourcesBuildPhase section */
		A18769F629280E7E006CE7C9 /* Resources */ = {
			isa = PBXResourcesBuildPhase;
			buildActionMask = 2147483647;
			files = (
				A19B6883292978C300145256 /* Localizable.strings in Resources */,
				A19B687B29296FE800145256 /* Roboto-Medium.ttf in Resources */,
				A19B6875292966E900145256 /* Colors.xcassets in Resources */,
				A1876A0829280E7F006CE7C9 /* LaunchScreen.storyboard in Resources */,
				A1876A0529280E7F006CE7C9 /* Assets.xcassets in Resources */,
			);
			runOnlyForDeploymentPostprocessing = 0;
		};
		A1876A0C29280E7F006CE7C9 /* Resources */ = {
			isa = PBXResourcesBuildPhase;
			buildActionMask = 2147483647;
			files = (
			);
			runOnlyForDeploymentPostprocessing = 0;
		};
/* End PBXResourcesBuildPhase section */

/* Begin PBXSourcesBuildPhase section */
		A18769F429280E7E006CE7C9 /* Sources */ = {
			isa = PBXSourcesBuildPhase;
			buildActionMask = 2147483647;
			files = (
				A19F31D6292AD43E00EAABDE /* DateFormatter.swift in Sources */,
				A1876A31292812E1006CE7C9 /* MatchesCoordinator.swift in Sources */,
				A19F31C0292A859300EAABDE /* ConstraintsTools.swift in Sources */,
				A19F31CA292AA99A00EAABDE /* ConfrontationOpponentsView.swift in Sources */,
				A19B68782929698900145256 /* FuzeColors.swift in Sources */,
				A1A2435E292D820000A6EEEE /* PlayersView.swift in Sources */,
				A1A2435C292D81ED00A6EEEE /* PlayersViewController.swift in Sources */,
				A19F31BD292A83E900EAABDE /* MatchesView.swift in Sources */,
				A19B6880292975B200145256 /* Localizable.swift in Sources */,
				A1876A6C29286A88006CE7C9 /* NetworkProvider.swift in Sources */,
				A1A24361292D8DC400A6EEEE /* PlayersBuilder.swift in Sources */,
				A19B687029295DC000145256 /* MatchesViewModel.swift in Sources */,
				A1876A3C292820A8006CE7C9 /* NetworkServiceMethod.swift in Sources */,
				A19B686129292B0000145256 /* NetworkDownload.swift in Sources */,
				A1876A47292843DC006CE7C9 /* ApiProvider.swift in Sources */,
				A1A24363292D928E00A6EEEE /* MatchDetailViewModel.swift in Sources */,
				A1876A33292812E8006CE7C9 /* Coordinator.swift in Sources */,
				A1A24354292D4A2900A6EEEE /* PlayersViewModel.swift in Sources */,
				A194CE38292E92AF00CC5A8E /* NetworkDownloadBuilder.swift in Sources */,
				A1A24356292D4A3D00A6EEEE /* PlayersConverter.swift in Sources */,
				A1876A3A29281FAD006CE7C9 /* BaseURLProvider.swift in Sources */,
				A1A2434B292D373700A6EEEE /* MatchDetailHeaderView.swift in Sources */,
				A17BDECF292BF50F001BF682 /* LoadingView.swift in Sources */,
				A13F6178292EB87200F58BE9 /* DispatchQueue.swift in Sources */,
				A17BDEE4292C5AB5001BF682 /* PageableTableViewProvider.swift in Sources */,
				A19F31BB292A82DA00EAABDE /* Reusable.swift in Sources */,
				A1876A3E29282412006CE7C9 /* Network.swift in Sources */,
				A18769FC29280E7E006CE7C9 /* AppDelegate.swift in Sources */,
				A1A24352292D498800A6EEEE /* PlayersRepository.swift in Sources */,
				A19B686B29295C4500145256 /* MatchesViewController.swift in Sources */,
				A19B688929297B3700145256 /* MatchesRepository.swift in Sources */,
				A1876A3729281EA8006CE7C9 /* NetworkRequest.swift in Sources */,
				A1876A452928429A006CE7C9 /* AccessTokenProvider.swift in Sources */,
				A17BDED1292BF526001BF682 /* EmptyStateView.swift in Sources */,
				A1876A4229283743006CE7C9 /* NetworkDeserialization.swift in Sources */,
				A194CE35292E7EA000CC5A8E /* DispatchQueueTestingOverrides.swift in Sources */,
				A19B685D29291D6100145256 /* FileManagerProvider.swift in Sources */,
				A17BDED3292BF52E001BF682 /* ErrorView.swift in Sources */,
				A19B688B29297C8A00145256 /* MatchesNetworkRequest.swift in Sources */,
				A18769FE29280E7E006CE7C9 /* SceneDelegate.swift in Sources */,
				A14A00AC2929C0A500B918D1 /* MatchModel.swift in Sources */,
				A194CE2F292E74B800CC5A8E /* CacheManager.swift in Sources */,
				A1A2434E292D47AD00A6EEEE /* PlayerModel.swift in Sources */,
				A17BDEE6292C6B19001BF682 /* MatchesConverter.swift in Sources */,
				A17BDEDA292C19B6001BF682 /* MatchDetailView.swift in Sources */,
				A19B687D2929703000145256 /* FuzeFonts.swift in Sources */,
				A1A24349292D175F00A6EEEE /* PlayerTableViewCell.swift in Sources */,
				A19F31C3292A8A9200EAABDE /* MatchTableViewCell.swift in Sources */,
				A1A24350292D48A100A6EEEE /* PlayersNetworkRequest.swift in Sources */,
				A19B687229295DF600145256 /* MatchesBuilder.swift in Sources */,
				A19B688D29297D2000145256 /* NetworkBuilder.swift in Sources */,
				A17BDEDE292C1A48001BF682 /* MatchDetailBuilder.swift in Sources */,
				A17BDED6292C197D001BF682 /* MatchDetailViewController.swift in Sources */,
				A19F31D3292ACA6800EAABDE /* DownloadImage.swift in Sources */,
				A19F31CD292AC80D00EAABDE /* FuzeImages.swift in Sources */,
			);
			runOnlyForDeploymentPostprocessing = 0;
		};
		A1876A0A29280E7F006CE7C9 /* Sources */ = {
			isa = PBXSourcesBuildPhase;
			buildActionMask = 2147483647;
			files = (
				A1876A6229285DED006CE7C9 /* BaseURLProviderSpy.swift in Sources */,
				A196D86A29287CC6000ADDEE /* NetworkErrorDummy.swift in Sources */,
				A17BDECB292BE7EE001BF682 /* MatchesViewModeSpy.swift in Sources */,
				A1876A6829286700006CE7C9 /* ResponseModeFixture.swift in Sources */,
				A194CE19292E5B9600CC5A8E /* PlayersViewControllerDisplaySpy.swift in Sources */,
				A19F31D0292AC8D200EAABDE /* FuzeImagesTests.swift in Sources */,
				A194CE08292E55A500CC5A8E /* MatchDetailViewControllerDisplaySpy.swift in Sources */,
				A14A00BB2929E4ED00B918D1 /* FuzeColorsTests.swift in Sources */,
				A194CE24292E601D00CC5A8E /* PlayersNetworkRequestTests.swift in Sources */,
				A194CE15292E5AB800CC5A8E /* PlayersConverterSpy.swift in Sources */,
				A194CE26292E621800CC5A8E /* PlayersRepositoryTests.swift in Sources */,
				A1876A5D29285C51006CE7C9 /* NetworkTests.swift in Sources */,
				A1876A59292854EF006CE7C9 /* NetworkRequestFixture.swift in Sources */,
				A1876A6029285C89006CE7C9 /* NetworkDeserializationSpy.swift in Sources */,
				A1876A532928519A006CE7C9 /* AccessTokenProviderTests.swift in Sources */,
				A19B686829292D0A00145256 /* NetworkDownloadTests.swift in Sources */,
				A194CE0E292E57A500CC5A8E /* MatchDetailViewSpy.swift in Sources */,
				A17BDEBC292BBACA001BF682 /* MatchesViewModelTests.swift in Sources */,
				A194CE29292E640700CC5A8E /* PlayersConverterTests.swift in Sources */,
				A194CE1E292E5DB800CC5A8E /* PlayerModelFixture.swift in Sources */,
				A19B685F2929254E00145256 /* FileManagerProviderSpy.swift in Sources */,
				A194CE0C292E577E00CC5A8E /* MatchDetailViewModelSpy.swift in Sources */,
				A194CE20292E5E7400CC5A8E /* PlayerViewModelFixture.swift in Sources */,
				A17BDEC7292BDB70001BF682 /* ConfrontationOpponentsViewModelFixture.swift in Sources */,
				A194CE17292E5B2300CC5A8E /* PlayersViewModelSpy.swift in Sources */,
				A14A00B52929DF2200B918D1 /* NetworkSpy.swift in Sources */,
				A17BDEC9292BE7BC001BF682 /* MatchesViewControllerTests.swift in Sources */,
				A196D86C29287ED5000ADDEE /* NetworkDeserializationTests.swift in Sources */,
				A1876A6A29286871006CE7C9 /* NetworkProviderSpy.swift in Sources */,
				A14A00B32929DED800B918D1 /* MatchesRepositoryTests.swift in Sources */,
				A17BDEEA292C6D08001BF682 /* MatchesConverterSpy.swift in Sources */,
				A194CE2B292E651D00CC5A8E /* PlayersViewModelTests.swift in Sources */,
				A17BDEC3292BDB21001BF682 /* MatchViewModelFixture.swift in Sources */,
				A17BDEC1292BC7F9001BF682 /* MatchesViewControllerDisplaySpy.swift in Sources */,
				A17BDEBF292BBC1E001BF682 /* MatchesRepositorySpy.swift in Sources */,
				A13F6175292EB71000F58BE9 /* CacheManagerSpy.swift in Sources */,
				A1876A6429285EF4006CE7C9 /* AccessTokenProviderSpy.swift in Sources */,
				A194CE1B292E5CFE00CC5A8E /* PlayersViewSpy.swift in Sources */,
				A194CE2D292E6BF600CC5A8E /* PlayersViewControllerTests.swift in Sources */,
				A17BDECD292BE83B001BF682 /* MatchesViewSpy.swift in Sources */,
				A14A00BE2929E64000B918D1 /* FuzeFontsTests.swift in Sources */,
				A14A00C12929E87100B918D1 /* LocalizableTests.swift in Sources */,
				A14A00B12929DB4400B918D1 /* MatchesNetworkRequestTests.swift in Sources */,
				A17BDEE2292C2CD8001BF682 /* MatchesCoordinatorSpy.swift in Sources */,
				A17BDEE8292C6C30001BF682 /* MatchesConverterTests.swift in Sources */,
				A194CE13292E5A3D00CC5A8E /* PlayersRepositorySpy.swift in Sources */,
				A1876A4E29284F54006CE7C9 /* BaseURLProviderTests.swift in Sources */,
				A194CE05292E54D500CC5A8E /* MatchDetailViewModelTests.swift in Sources */,
				A196D86829287B72000ADDEE /* NetworkErrorEquatable.swift in Sources */,
				A1876A5B29285504006CE7C9 /* NetworkRequestTests.swift in Sources */,
				A194CE0A292E574C00CC5A8E /* MatchDetailViewControllerTests.swift in Sources */,
				A14A00B82929E0C400B918D1 /* MatchModelFixture.swift in Sources */,
			);
			runOnlyForDeploymentPostprocessing = 0;
		};
/* End PBXSourcesBuildPhase section */

/* Begin PBXTargetDependency section */
		A1876A1029280E7F006CE7C9 /* PBXTargetDependency */ = {
			isa = PBXTargetDependency;
			target = A18769F729280E7E006CE7C9 /* fuze */;
			targetProxy = A1876A0F29280E7F006CE7C9 /* PBXContainerItemProxy */;
		};
/* End PBXTargetDependency section */

/* Begin PBXVariantGroup section */
		A1876A0629280E7F006CE7C9 /* LaunchScreen.storyboard */ = {
			isa = PBXVariantGroup;
			children = (
				A1876A0729280E7F006CE7C9 /* Base */,
				A19B6886292978F000145256 /* pt-BR */,
			);
			name = LaunchScreen.storyboard;
			sourceTree = "<group>";
		};
		A19B6885292978C300145256 /* Localizable.strings */ = {
			isa = PBXVariantGroup;
			children = (
				A19B6884292978C300145256 /* en */,
				A19B6887292978F000145256 /* pt-BR */,
			);
			name = Localizable.strings;
			sourceTree = "<group>";
		};
/* End PBXVariantGroup section */

/* Begin XCBuildConfiguration section */
		A1876A2029280E7F006CE7C9 /* Debug */ = {
			isa = XCBuildConfiguration;
			baseConfigurationReference = A1876A4329283F55006CE7C9 /* AppConfiguration.xcconfig */;
			buildSettings = {
				ALWAYS_SEARCH_USER_PATHS = NO;
				CLANG_ANALYZER_LOCALIZABILITY_NONLOCALIZED = YES;
				CLANG_ANALYZER_NONNULL = YES;
				CLANG_ANALYZER_NUMBER_OBJECT_CONVERSION = YES_AGGRESSIVE;
				CLANG_CXX_LANGUAGE_STANDARD = "gnu++17";
				CLANG_ENABLE_MODULES = YES;
				CLANG_ENABLE_OBJC_ARC = YES;
				CLANG_ENABLE_OBJC_WEAK = YES;
				CLANG_WARN_BLOCK_CAPTURE_AUTORELEASING = YES;
				CLANG_WARN_BOOL_CONVERSION = YES;
				CLANG_WARN_COMMA = YES;
				CLANG_WARN_CONSTANT_CONVERSION = YES;
				CLANG_WARN_DEPRECATED_OBJC_IMPLEMENTATIONS = YES;
				CLANG_WARN_DIRECT_OBJC_ISA_USAGE = YES_ERROR;
				CLANG_WARN_DOCUMENTATION_COMMENTS = YES;
				CLANG_WARN_EMPTY_BODY = YES;
				CLANG_WARN_ENUM_CONVERSION = YES;
				CLANG_WARN_INFINITE_RECURSION = YES;
				CLANG_WARN_INT_CONVERSION = YES;
				CLANG_WARN_NON_LITERAL_NULL_CONVERSION = YES;
				CLANG_WARN_OBJC_IMPLICIT_RETAIN_SELF = YES;
				CLANG_WARN_OBJC_LITERAL_CONVERSION = YES;
				CLANG_WARN_OBJC_ROOT_CLASS = YES_ERROR;
				CLANG_WARN_QUOTED_INCLUDE_IN_FRAMEWORK_HEADER = YES;
				CLANG_WARN_RANGE_LOOP_ANALYSIS = YES;
				CLANG_WARN_STRICT_PROTOTYPES = YES;
				CLANG_WARN_SUSPICIOUS_MOVE = YES;
				CLANG_WARN_UNGUARDED_AVAILABILITY = YES_AGGRESSIVE;
				CLANG_WARN_UNREACHABLE_CODE = YES;
				CLANG_WARN__DUPLICATE_METHOD_MATCH = YES;
				COPY_PHASE_STRIP = NO;
				DEBUG_INFORMATION_FORMAT = dwarf;
				ENABLE_STRICT_OBJC_MSGSEND = YES;
				ENABLE_TESTABILITY = YES;
				GCC_C_LANGUAGE_STANDARD = gnu11;
				GCC_DYNAMIC_NO_PIC = NO;
				GCC_NO_COMMON_BLOCKS = YES;
				GCC_OPTIMIZATION_LEVEL = 0;
				GCC_PREPROCESSOR_DEFINITIONS = (
					"DEBUG=1",
					"$(inherited)",
				);
				GCC_WARN_64_TO_32_BIT_CONVERSION = YES;
				GCC_WARN_ABOUT_RETURN_TYPE = YES_ERROR;
				GCC_WARN_UNDECLARED_SELECTOR = YES;
				GCC_WARN_UNINITIALIZED_AUTOS = YES_AGGRESSIVE;
				GCC_WARN_UNUSED_FUNCTION = YES;
				GCC_WARN_UNUSED_VARIABLE = YES;
				IPHONEOS_DEPLOYMENT_TARGET = 15.5;
				MTL_ENABLE_DEBUG_INFO = INCLUDE_SOURCE;
				MTL_FAST_MATH = YES;
				ONLY_ACTIVE_ARCH = YES;
				SDKROOT = iphoneos;
				SWIFT_ACTIVE_COMPILATION_CONDITIONS = DEBUG;
				SWIFT_OPTIMIZATION_LEVEL = "-Onone";
			};
			name = Debug;
		};
		A1876A2129280E7F006CE7C9 /* Release */ = {
			isa = XCBuildConfiguration;
			baseConfigurationReference = A1876A4329283F55006CE7C9 /* AppConfiguration.xcconfig */;
			buildSettings = {
				ALWAYS_SEARCH_USER_PATHS = NO;
				CLANG_ANALYZER_LOCALIZABILITY_NONLOCALIZED = YES;
				CLANG_ANALYZER_NONNULL = YES;
				CLANG_ANALYZER_NUMBER_OBJECT_CONVERSION = YES_AGGRESSIVE;
				CLANG_CXX_LANGUAGE_STANDARD = "gnu++17";
				CLANG_ENABLE_MODULES = YES;
				CLANG_ENABLE_OBJC_ARC = YES;
				CLANG_ENABLE_OBJC_WEAK = YES;
				CLANG_WARN_BLOCK_CAPTURE_AUTORELEASING = YES;
				CLANG_WARN_BOOL_CONVERSION = YES;
				CLANG_WARN_COMMA = YES;
				CLANG_WARN_CONSTANT_CONVERSION = YES;
				CLANG_WARN_DEPRECATED_OBJC_IMPLEMENTATIONS = YES;
				CLANG_WARN_DIRECT_OBJC_ISA_USAGE = YES_ERROR;
				CLANG_WARN_DOCUMENTATION_COMMENTS = YES;
				CLANG_WARN_EMPTY_BODY = YES;
				CLANG_WARN_ENUM_CONVERSION = YES;
				CLANG_WARN_INFINITE_RECURSION = YES;
				CLANG_WARN_INT_CONVERSION = YES;
				CLANG_WARN_NON_LITERAL_NULL_CONVERSION = YES;
				CLANG_WARN_OBJC_IMPLICIT_RETAIN_SELF = YES;
				CLANG_WARN_OBJC_LITERAL_CONVERSION = YES;
				CLANG_WARN_OBJC_ROOT_CLASS = YES_ERROR;
				CLANG_WARN_QUOTED_INCLUDE_IN_FRAMEWORK_HEADER = YES;
				CLANG_WARN_RANGE_LOOP_ANALYSIS = YES;
				CLANG_WARN_STRICT_PROTOTYPES = YES;
				CLANG_WARN_SUSPICIOUS_MOVE = YES;
				CLANG_WARN_UNGUARDED_AVAILABILITY = YES_AGGRESSIVE;
				CLANG_WARN_UNREACHABLE_CODE = YES;
				CLANG_WARN__DUPLICATE_METHOD_MATCH = YES;
				COPY_PHASE_STRIP = NO;
				DEBUG_INFORMATION_FORMAT = "dwarf-with-dsym";
				ENABLE_NS_ASSERTIONS = NO;
				ENABLE_STRICT_OBJC_MSGSEND = YES;
				GCC_C_LANGUAGE_STANDARD = gnu11;
				GCC_NO_COMMON_BLOCKS = YES;
				GCC_WARN_64_TO_32_BIT_CONVERSION = YES;
				GCC_WARN_ABOUT_RETURN_TYPE = YES_ERROR;
				GCC_WARN_UNDECLARED_SELECTOR = YES;
				GCC_WARN_UNINITIALIZED_AUTOS = YES_AGGRESSIVE;
				GCC_WARN_UNUSED_FUNCTION = YES;
				GCC_WARN_UNUSED_VARIABLE = YES;
				IPHONEOS_DEPLOYMENT_TARGET = 15.5;
				MTL_ENABLE_DEBUG_INFO = NO;
				MTL_FAST_MATH = YES;
				SDKROOT = iphoneos;
				SWIFT_COMPILATION_MODE = wholemodule;
				SWIFT_OPTIMIZATION_LEVEL = "-O";
				VALIDATE_PRODUCT = YES;
			};
			name = Release;
		};
		A1876A2329280E7F006CE7C9 /* Debug */ = {
			isa = XCBuildConfiguration;
			buildSettings = {
				ASSETCATALOG_COMPILER_APPICON_NAME = AppIcon;
				ASSETCATALOG_COMPILER_GLOBAL_ACCENT_COLOR_NAME = AccentColor;
				CODE_SIGN_STYLE = Automatic;
				CURRENT_PROJECT_VERSION = 1;
				GENERATE_INFOPLIST_FILE = YES;
				INFOPLIST_FILE = fuze/Resources/Info.plist;
				INFOPLIST_KEY_UIApplicationSupportsIndirectInputEvents = YES;
				INFOPLIST_KEY_UILaunchStoryboardName = LaunchScreen;
				INFOPLIST_KEY_UISupportedInterfaceOrientations_iPad = "UIInterfaceOrientationPortrait UIInterfaceOrientationPortraitUpsideDown UIInterfaceOrientationLandscapeLeft UIInterfaceOrientationLandscapeRight";
				INFOPLIST_KEY_UISupportedInterfaceOrientations_iPhone = "UIInterfaceOrientationPortrait UIInterfaceOrientationLandscapeLeft UIInterfaceOrientationLandscapeRight";
				LD_RUNPATH_SEARCH_PATHS = (
					"$(inherited)",
					"@executable_path/Frameworks",
				);
				MARKETING_VERSION = 1.0;
				PRODUCT_BUNDLE_IDENTIFIER = cc.app.fuze;
				PRODUCT_NAME = "$(TARGET_NAME)";
				SWIFT_EMIT_LOC_STRINGS = YES;
				SWIFT_VERSION = 5.0;
				TARGETED_DEVICE_FAMILY = "1,2";
			};
			name = Debug;
		};
		A1876A2429280E7F006CE7C9 /* Release */ = {
			isa = XCBuildConfiguration;
			buildSettings = {
				ASSETCATALOG_COMPILER_APPICON_NAME = AppIcon;
				ASSETCATALOG_COMPILER_GLOBAL_ACCENT_COLOR_NAME = AccentColor;
				CODE_SIGN_STYLE = Automatic;
				CURRENT_PROJECT_VERSION = 1;
				GENERATE_INFOPLIST_FILE = YES;
				INFOPLIST_FILE = fuze/Resources/Info.plist;
				INFOPLIST_KEY_UIApplicationSupportsIndirectInputEvents = YES;
				INFOPLIST_KEY_UILaunchStoryboardName = LaunchScreen;
				INFOPLIST_KEY_UISupportedInterfaceOrientations_iPad = "UIInterfaceOrientationPortrait UIInterfaceOrientationPortraitUpsideDown UIInterfaceOrientationLandscapeLeft UIInterfaceOrientationLandscapeRight";
				INFOPLIST_KEY_UISupportedInterfaceOrientations_iPhone = "UIInterfaceOrientationPortrait UIInterfaceOrientationLandscapeLeft UIInterfaceOrientationLandscapeRight";
				LD_RUNPATH_SEARCH_PATHS = (
					"$(inherited)",
					"@executable_path/Frameworks",
				);
				MARKETING_VERSION = 1.0;
				PRODUCT_BUNDLE_IDENTIFIER = cc.app.fuze;
				PRODUCT_NAME = "$(TARGET_NAME)";
				SWIFT_EMIT_LOC_STRINGS = YES;
				SWIFT_VERSION = 5.0;
				TARGETED_DEVICE_FAMILY = "1,2";
			};
			name = Release;
		};
		A1876A2629280E7F006CE7C9 /* Debug */ = {
			isa = XCBuildConfiguration;
			buildSettings = {
				ALWAYS_EMBED_SWIFT_STANDARD_LIBRARIES = YES;
				BUNDLE_LOADER = "$(TEST_HOST)";
				CODE_SIGN_STYLE = Automatic;
				CURRENT_PROJECT_VERSION = 1;
				GENERATE_INFOPLIST_FILE = YES;
				IPHONEOS_DEPLOYMENT_TARGET = 15.5;
				MARKETING_VERSION = 1.0;
				PRODUCT_BUNDLE_IDENTIFIER = cc.app.fuzeTests;
				PRODUCT_NAME = "$(TARGET_NAME)";
				SWIFT_EMIT_LOC_STRINGS = NO;
				SWIFT_VERSION = 5.0;
				TARGETED_DEVICE_FAMILY = "1,2";
				TEST_HOST = "$(BUILT_PRODUCTS_DIR)/fuze.app/fuze";
			};
			name = Debug;
		};
		A1876A2729280E7F006CE7C9 /* Release */ = {
			isa = XCBuildConfiguration;
			buildSettings = {
				ALWAYS_EMBED_SWIFT_STANDARD_LIBRARIES = YES;
				BUNDLE_LOADER = "$(TEST_HOST)";
				CODE_SIGN_STYLE = Automatic;
				CURRENT_PROJECT_VERSION = 1;
				GENERATE_INFOPLIST_FILE = YES;
				IPHONEOS_DEPLOYMENT_TARGET = 15.5;
				MARKETING_VERSION = 1.0;
				PRODUCT_BUNDLE_IDENTIFIER = cc.app.fuzeTests;
				PRODUCT_NAME = "$(TARGET_NAME)";
				SWIFT_EMIT_LOC_STRINGS = NO;
				SWIFT_VERSION = 5.0;
				TARGETED_DEVICE_FAMILY = "1,2";
				TEST_HOST = "$(BUILT_PRODUCTS_DIR)/fuze.app/fuze";
			};
			name = Release;
		};
/* End XCBuildConfiguration section */

/* Begin XCConfigurationList section */
		A18769F329280E7E006CE7C9 /* Build configuration list for PBXProject "fuze" */ = {
			isa = XCConfigurationList;
			buildConfigurations = (
				A1876A2029280E7F006CE7C9 /* Debug */,
				A1876A2129280E7F006CE7C9 /* Release */,
			);
			defaultConfigurationIsVisible = 0;
			defaultConfigurationName = Release;
		};
		A1876A2229280E7F006CE7C9 /* Build configuration list for PBXNativeTarget "fuze" */ = {
			isa = XCConfigurationList;
			buildConfigurations = (
				A1876A2329280E7F006CE7C9 /* Debug */,
				A1876A2429280E7F006CE7C9 /* Release */,
			);
			defaultConfigurationIsVisible = 0;
			defaultConfigurationName = Release;
		};
		A1876A2529280E7F006CE7C9 /* Build configuration list for PBXNativeTarget "fuzeTests" */ = {
			isa = XCConfigurationList;
			buildConfigurations = (
				A1876A2629280E7F006CE7C9 /* Debug */,
				A1876A2729280E7F006CE7C9 /* Release */,
			);
			defaultConfigurationIsVisible = 0;
			defaultConfigurationName = Release;
		};
/* End XCConfigurationList section */
	};
	rootObject = A18769F029280E7E006CE7C9 /* Project object */;
}
