// !$*UTF8*$!
{
	archiveVersion = 1;
	classes = {
	};
	objectVersion = 55;
	objects = {

/* Begin PBXBuildFile section */
		A18769FC29280E7E006CE7C9 /* AppDelegate.swift in Sources */ = {isa = PBXBuildFile; fileRef = A18769FB29280E7E006CE7C9 /* AppDelegate.swift */; };
		A18769FE29280E7E006CE7C9 /* SceneDelegate.swift in Sources */ = {isa = PBXBuildFile; fileRef = A18769FD29280E7E006CE7C9 /* SceneDelegate.swift */; };
		A1876A0029280E7E006CE7C9 /* ViewController.swift in Sources */ = {isa = PBXBuildFile; fileRef = A18769FF29280E7E006CE7C9 /* ViewController.swift */; };
		A1876A0529280E7F006CE7C9 /* Assets.xcassets in Resources */ = {isa = PBXBuildFile; fileRef = A1876A0429280E7F006CE7C9 /* Assets.xcassets */; };
		A1876A0829280E7F006CE7C9 /* LaunchScreen.storyboard in Resources */ = {isa = PBXBuildFile; fileRef = A1876A0629280E7F006CE7C9 /* LaunchScreen.storyboard */; };
		A1876A31292812E1006CE7C9 /* AppCoordinator.swift in Sources */ = {isa = PBXBuildFile; fileRef = A1876A30292812E1006CE7C9 /* AppCoordinator.swift */; };
		A1876A33292812E8006CE7C9 /* Coordinator.swift in Sources */ = {isa = PBXBuildFile; fileRef = A1876A32292812E8006CE7C9 /* Coordinator.swift */; };
		A1876A3729281EA8006CE7C9 /* NetworkRequest.swift in Sources */ = {isa = PBXBuildFile; fileRef = A1876A3629281EA8006CE7C9 /* NetworkRequest.swift */; };
		A1876A3A29281FAD006CE7C9 /* BaseURLProvider.swift in Sources */ = {isa = PBXBuildFile; fileRef = A1876A3929281FAD006CE7C9 /* BaseURLProvider.swift */; };
		A1876A3C292820A8006CE7C9 /* NetworkServiceMethod.swift in Sources */ = {isa = PBXBuildFile; fileRef = A1876A3B292820A8006CE7C9 /* NetworkServiceMethod.swift */; };
		A1876A3E29282412006CE7C9 /* Network.swift in Sources */ = {isa = PBXBuildFile; fileRef = A1876A3D29282412006CE7C9 /* Network.swift */; };
		A1876A4229283743006CE7C9 /* NetworkDeserialization.swift in Sources */ = {isa = PBXBuildFile; fileRef = A1876A4129283743006CE7C9 /* NetworkDeserialization.swift */; };
		A1876A452928429A006CE7C9 /* AccessTokenProvider.swift in Sources */ = {isa = PBXBuildFile; fileRef = A1876A442928429A006CE7C9 /* AccessTokenProvider.swift */; };
		A1876A47292843DC006CE7C9 /* ApiProvider.swift in Sources */ = {isa = PBXBuildFile; fileRef = A1876A46292843DC006CE7C9 /* ApiProvider.swift */; };
		A1876A4E29284F54006CE7C9 /* BaseURLProviderTests.swift in Sources */ = {isa = PBXBuildFile; fileRef = A1876A4D29284F54006CE7C9 /* BaseURLProviderTests.swift */; };
		A1876A532928519A006CE7C9 /* AccessTokenProviderTests.swift in Sources */ = {isa = PBXBuildFile; fileRef = A1876A522928519A006CE7C9 /* AccessTokenProviderTests.swift */; };
		A1876A59292854EF006CE7C9 /* NetworkRequestFixture.swift in Sources */ = {isa = PBXBuildFile; fileRef = A1876A58292854EF006CE7C9 /* NetworkRequestFixture.swift */; };
		A1876A5B29285504006CE7C9 /* NetworkRequestTests.swift in Sources */ = {isa = PBXBuildFile; fileRef = A1876A5A29285504006CE7C9 /* NetworkRequestTests.swift */; };
		A1876A5D29285C51006CE7C9 /* NetworkTests.swift in Sources */ = {isa = PBXBuildFile; fileRef = A1876A5C29285C51006CE7C9 /* NetworkTests.swift */; };
		A1876A6029285C89006CE7C9 /* NetworkDeserializationSpy.swift in Sources */ = {isa = PBXBuildFile; fileRef = A1876A5F29285C89006CE7C9 /* NetworkDeserializationSpy.swift */; };
		A1876A6229285DED006CE7C9 /* BaseURLProviderSpy.swift in Sources */ = {isa = PBXBuildFile; fileRef = A1876A6129285DED006CE7C9 /* BaseURLProviderSpy.swift */; };
		A1876A6429285EF4006CE7C9 /* AccessTokenProviderSpy.swift in Sources */ = {isa = PBXBuildFile; fileRef = A1876A6329285EF4006CE7C9 /* AccessTokenProviderSpy.swift */; };
		A1876A6829286700006CE7C9 /* ResponseModeFixture.swift in Sources */ = {isa = PBXBuildFile; fileRef = A1876A6729286700006CE7C9 /* ResponseModeFixture.swift */; };
		A1876A6A29286871006CE7C9 /* NetworkProviderSpy.swift in Sources */ = {isa = PBXBuildFile; fileRef = A1876A6929286871006CE7C9 /* NetworkProviderSpy.swift */; };
		A1876A6C29286A88006CE7C9 /* NetworkProvider.swift in Sources */ = {isa = PBXBuildFile; fileRef = A1876A6B29286A88006CE7C9 /* NetworkProvider.swift */; };
		A196D86829287B72000ADDEE /* NetworkErrorEquatable.swift in Sources */ = {isa = PBXBuildFile; fileRef = A196D86729287B72000ADDEE /* NetworkErrorEquatable.swift */; };
		A196D86A29287CC6000ADDEE /* NetworkErrorDummy.swift in Sources */ = {isa = PBXBuildFile; fileRef = A196D86929287CC6000ADDEE /* NetworkErrorDummy.swift */; };
		A196D86C29287ED5000ADDEE /* NetworkDeserializationTests.swift in Sources */ = {isa = PBXBuildFile; fileRef = A196D86B29287ED5000ADDEE /* NetworkDeserializationTests.swift */; };
		A19B685D29291D6100145256 /* FileManagerProvider.swift in Sources */ = {isa = PBXBuildFile; fileRef = A19B685C29291D6100145256 /* FileManagerProvider.swift */; };
		A19B685F2929254E00145256 /* FileManagerProviderSpy.swift in Sources */ = {isa = PBXBuildFile; fileRef = A19B685E2929254E00145256 /* FileManagerProviderSpy.swift */; };
/* End PBXBuildFile section */

/* Begin PBXContainerItemProxy section */
		A1876A0F29280E7F006CE7C9 /* PBXContainerItemProxy */ = {
			isa = PBXContainerItemProxy;
			containerPortal = A18769F029280E7E006CE7C9 /* Project object */;
			proxyType = 1;
			remoteGlobalIDString = A18769F729280E7E006CE7C9;
			remoteInfo = fuze;
		};
/* End PBXContainerItemProxy section */

/* Begin PBXFileReference section */
		A18769F829280E7E006CE7C9 /* fuze.app */ = {isa = PBXFileReference; explicitFileType = wrapper.application; includeInIndex = 0; path = fuze.app; sourceTree = BUILT_PRODUCTS_DIR; };
		A18769FB29280E7E006CE7C9 /* AppDelegate.swift */ = {isa = PBXFileReference; lastKnownFileType = sourcecode.swift; path = AppDelegate.swift; sourceTree = "<group>"; };
		A18769FD29280E7E006CE7C9 /* SceneDelegate.swift */ = {isa = PBXFileReference; lastKnownFileType = sourcecode.swift; path = SceneDelegate.swift; sourceTree = "<group>"; };
		A18769FF29280E7E006CE7C9 /* ViewController.swift */ = {isa = PBXFileReference; lastKnownFileType = sourcecode.swift; path = ViewController.swift; sourceTree = "<group>"; };
		A1876A0429280E7F006CE7C9 /* Assets.xcassets */ = {isa = PBXFileReference; lastKnownFileType = folder.assetcatalog; path = Assets.xcassets; sourceTree = "<group>"; };
		A1876A0729280E7F006CE7C9 /* Base */ = {isa = PBXFileReference; lastKnownFileType = file.storyboard; name = Base; path = Base.lproj/LaunchScreen.storyboard; sourceTree = "<group>"; };
		A1876A0929280E7F006CE7C9 /* Info.plist */ = {isa = PBXFileReference; lastKnownFileType = text.plist.xml; path = Info.plist; sourceTree = "<group>"; };
		A1876A0E29280E7F006CE7C9 /* fuzeTests.xctest */ = {isa = PBXFileReference; explicitFileType = wrapper.cfbundle; includeInIndex = 0; path = fuzeTests.xctest; sourceTree = BUILT_PRODUCTS_DIR; };
		A1876A30292812E1006CE7C9 /* AppCoordinator.swift */ = {isa = PBXFileReference; lastKnownFileType = sourcecode.swift; path = AppCoordinator.swift; sourceTree = "<group>"; };
		A1876A32292812E8006CE7C9 /* Coordinator.swift */ = {isa = PBXFileReference; lastKnownFileType = sourcecode.swift; path = Coordinator.swift; sourceTree = "<group>"; };
		A1876A3629281EA8006CE7C9 /* NetworkRequest.swift */ = {isa = PBXFileReference; lastKnownFileType = sourcecode.swift; path = NetworkRequest.swift; sourceTree = "<group>"; };
		A1876A3929281FAD006CE7C9 /* BaseURLProvider.swift */ = {isa = PBXFileReference; lastKnownFileType = sourcecode.swift; path = BaseURLProvider.swift; sourceTree = "<group>"; };
		A1876A3B292820A8006CE7C9 /* NetworkServiceMethod.swift */ = {isa = PBXFileReference; lastKnownFileType = sourcecode.swift; path = NetworkServiceMethod.swift; sourceTree = "<group>"; };
		A1876A3D29282412006CE7C9 /* Network.swift */ = {isa = PBXFileReference; lastKnownFileType = sourcecode.swift; path = Network.swift; sourceTree = "<group>"; };
		A1876A4129283743006CE7C9 /* NetworkDeserialization.swift */ = {isa = PBXFileReference; lastKnownFileType = sourcecode.swift; path = NetworkDeserialization.swift; sourceTree = "<group>"; };
		A1876A4329283F55006CE7C9 /* AppConfiguration.xcconfig */ = {isa = PBXFileReference; lastKnownFileType = text.xcconfig; path = AppConfiguration.xcconfig; sourceTree = "<group>"; };
		A1876A442928429A006CE7C9 /* AccessTokenProvider.swift */ = {isa = PBXFileReference; lastKnownFileType = sourcecode.swift; path = AccessTokenProvider.swift; sourceTree = "<group>"; };
		A1876A46292843DC006CE7C9 /* ApiProvider.swift */ = {isa = PBXFileReference; lastKnownFileType = sourcecode.swift; path = ApiProvider.swift; sourceTree = "<group>"; };
		A1876A4D29284F54006CE7C9 /* BaseURLProviderTests.swift */ = {isa = PBXFileReference; lastKnownFileType = sourcecode.swift; path = BaseURLProviderTests.swift; sourceTree = "<group>"; };
		A1876A522928519A006CE7C9 /* AccessTokenProviderTests.swift */ = {isa = PBXFileReference; lastKnownFileType = sourcecode.swift; path = AccessTokenProviderTests.swift; sourceTree = "<group>"; };
		A1876A58292854EF006CE7C9 /* NetworkRequestFixture.swift */ = {isa = PBXFileReference; lastKnownFileType = sourcecode.swift; path = NetworkRequestFixture.swift; sourceTree = "<group>"; };
		A1876A5A29285504006CE7C9 /* NetworkRequestTests.swift */ = {isa = PBXFileReference; lastKnownFileType = sourcecode.swift; path = NetworkRequestTests.swift; sourceTree = "<group>"; };
		A1876A5C29285C51006CE7C9 /* NetworkTests.swift */ = {isa = PBXFileReference; lastKnownFileType = sourcecode.swift; path = NetworkTests.swift; sourceTree = "<group>"; };
		A1876A5F29285C89006CE7C9 /* NetworkDeserializationSpy.swift */ = {isa = PBXFileReference; lastKnownFileType = sourcecode.swift; path = NetworkDeserializationSpy.swift; sourceTree = "<group>"; };
		A1876A6129285DED006CE7C9 /* BaseURLProviderSpy.swift */ = {isa = PBXFileReference; lastKnownFileType = sourcecode.swift; path = BaseURLProviderSpy.swift; sourceTree = "<group>"; };
		A1876A6329285EF4006CE7C9 /* AccessTokenProviderSpy.swift */ = {isa = PBXFileReference; lastKnownFileType = sourcecode.swift; path = AccessTokenProviderSpy.swift; sourceTree = "<group>"; };
		A1876A6729286700006CE7C9 /* ResponseModeFixture.swift */ = {isa = PBXFileReference; lastKnownFileType = sourcecode.swift; path = ResponseModeFixture.swift; sourceTree = "<group>"; };
		A1876A6929286871006CE7C9 /* NetworkProviderSpy.swift */ = {isa = PBXFileReference; lastKnownFileType = sourcecode.swift; path = NetworkProviderSpy.swift; sourceTree = "<group>"; };
		A1876A6B29286A88006CE7C9 /* NetworkProvider.swift */ = {isa = PBXFileReference; lastKnownFileType = sourcecode.swift; path = NetworkProvider.swift; sourceTree = "<group>"; };
		A196D86729287B72000ADDEE /* NetworkErrorEquatable.swift */ = {isa = PBXFileReference; lastKnownFileType = sourcecode.swift; path = NetworkErrorEquatable.swift; sourceTree = "<group>"; };
		A196D86929287CC6000ADDEE /* NetworkErrorDummy.swift */ = {isa = PBXFileReference; lastKnownFileType = sourcecode.swift; path = NetworkErrorDummy.swift; sourceTree = "<group>"; };
		A196D86B29287ED5000ADDEE /* NetworkDeserializationTests.swift */ = {isa = PBXFileReference; lastKnownFileType = sourcecode.swift; path = NetworkDeserializationTests.swift; sourceTree = "<group>"; };
		A19B685C29291D6100145256 /* FileManagerProvider.swift */ = {isa = PBXFileReference; lastKnownFileType = sourcecode.swift; path = FileManagerProvider.swift; sourceTree = "<group>"; };
		A19B685E2929254E00145256 /* FileManagerProviderSpy.swift */ = {isa = PBXFileReference; lastKnownFileType = sourcecode.swift; path = FileManagerProviderSpy.swift; sourceTree = "<group>"; };
/* End PBXFileReference section */

/* Begin PBXFrameworksBuildPhase section */
		A18769F529280E7E006CE7C9 /* Frameworks */ = {
			isa = PBXFrameworksBuildPhase;
			buildActionMask = 2147483647;
			files = (
			);
			runOnlyForDeploymentPostprocessing = 0;
		};
		A1876A0B29280E7F006CE7C9 /* Frameworks */ = {
			isa = PBXFrameworksBuildPhase;
			buildActionMask = 2147483647;
			files = (
			);
			runOnlyForDeploymentPostprocessing = 0;
		};
/* End PBXFrameworksBuildPhase section */

/* Begin PBXGroup section */
		A18769EF29280E7E006CE7C9 = {
			isa = PBXGroup;
			children = (
				A1876A4329283F55006CE7C9 /* AppConfiguration.xcconfig */,
				A18769FA29280E7E006CE7C9 /* fuze */,
				A1876A1129280E7F006CE7C9 /* fuzeTests */,
				A18769F929280E7E006CE7C9 /* Products */,
			);
			sourceTree = "<group>";
		};
		A18769F929280E7E006CE7C9 /* Products */ = {
			isa = PBXGroup;
			children = (
				A18769F829280E7E006CE7C9 /* fuze.app */,
				A1876A0E29280E7F006CE7C9 /* fuzeTests.xctest */,
			);
			name = Products;
			sourceTree = "<group>";
		};
		A18769FA29280E7E006CE7C9 /* fuze */ = {
			isa = PBXGroup;
			children = (
				A1876A2B292811D8006CE7C9 /* AppDelegate */,
				A1876A2F292812C6006CE7C9 /* Coordinator */,
				A1876A3429281B2A006CE7C9 /* Common */,
				A1876A2D292811E6006CE7C9 /* Features */,
				A1876A2E292811EC006CE7C9 /* Resources */,
			);
			path = fuze;
			sourceTree = "<group>";
		};
		A1876A1129280E7F006CE7C9 /* fuzeTests */ = {
			isa = PBXGroup;
			children = (
				A1876A4A29284F0F006CE7C9 /* Common */,
			);
			path = fuzeTests;
			sourceTree = "<group>";
		};
		A1876A2B292811D8006CE7C9 /* AppDelegate */ = {
			isa = PBXGroup;
			children = (
				A18769FB29280E7E006CE7C9 /* AppDelegate.swift */,
				A18769FD29280E7E006CE7C9 /* SceneDelegate.swift */,
			);
			path = AppDelegate;
			sourceTree = "<group>";
		};
		A1876A2D292811E6006CE7C9 /* Features */ = {
			isa = PBXGroup;
			children = (
				A18769FF29280E7E006CE7C9 /* ViewController.swift */,
			);
			path = Features;
			sourceTree = "<group>";
		};
		A1876A2E292811EC006CE7C9 /* Resources */ = {
			isa = PBXGroup;
			children = (
				A1876A0429280E7F006CE7C9 /* Assets.xcassets */,
				A1876A0629280E7F006CE7C9 /* LaunchScreen.storyboard */,
				A1876A0929280E7F006CE7C9 /* Info.plist */,
			);
			path = Resources;
			sourceTree = "<group>";
		};
		A1876A2F292812C6006CE7C9 /* Coordinator */ = {
			isa = PBXGroup;
			children = (
				A1876A32292812E8006CE7C9 /* Coordinator.swift */,
				A1876A30292812E1006CE7C9 /* AppCoordinator.swift */,
			);
			path = Coordinator;
			sourceTree = "<group>";
		};
		A1876A3429281B2A006CE7C9 /* Common */ = {
			isa = PBXGroup;
			children = (
				A1876A3529281B3F006CE7C9 /* NetworkService */,
			);
			path = Common;
			sourceTree = "<group>";
		};
		A1876A3529281B3F006CE7C9 /* NetworkService */ = {
			isa = PBXGroup;
			children = (
				A1876A4929284EBE006CE7C9 /* Method */,
				A1876A4829284EAA006CE7C9 /* Providers */,
				A1876A4129283743006CE7C9 /* NetworkDeserialization.swift */,
				A1876A3629281EA8006CE7C9 /* NetworkRequest.swift */,
				A1876A3D29282412006CE7C9 /* Network.swift */,
			);
			path = NetworkService;
			sourceTree = "<group>";
		};
		A1876A4829284EAA006CE7C9 /* Providers */ = {
			isa = PBXGroup;
			children = (
				A1876A46292843DC006CE7C9 /* ApiProvider.swift */,
				A1876A3929281FAD006CE7C9 /* BaseURLProvider.swift */,
				A1876A442928429A006CE7C9 /* AccessTokenProvider.swift */,
				A1876A6B29286A88006CE7C9 /* NetworkProvider.swift */,
				A19B685C29291D6100145256 /* FileManagerProvider.swift */,
			);
			path = Providers;
			sourceTree = "<group>";
		};
		A1876A4929284EBE006CE7C9 /* Method */ = {
			isa = PBXGroup;
			children = (
				A1876A3B292820A8006CE7C9 /* NetworkServiceMethod.swift */,
			);
			path = Method;
			sourceTree = "<group>";
		};
		A1876A4A29284F0F006CE7C9 /* Common */ = {
			isa = PBXGroup;
			children = (
				A1876A4B29284F2D006CE7C9 /* NetworkService */,
			);
			path = Common;
			sourceTree = "<group>";
		};
		A1876A4B29284F2D006CE7C9 /* NetworkService */ = {
			isa = PBXGroup;
			children = (
				A1876A57292854DE006CE7C9 /* Fixtures */,
				A1876A5E29285C64006CE7C9 /* Doubles */,
				A1876A4C29284F3D006CE7C9 /* Providers */,
				A196D86B29287ED5000ADDEE /* NetworkDeserializationTests.swift */,
				A1876A5A29285504006CE7C9 /* NetworkRequestTests.swift */,
				A1876A5C29285C51006CE7C9 /* NetworkTests.swift */,
			);
			path = NetworkService;
			sourceTree = "<group>";
		};
		A1876A4C29284F3D006CE7C9 /* Providers */ = {
			isa = PBXGroup;
			children = (
				A1876A4D29284F54006CE7C9 /* BaseURLProviderTests.swift */,
				A1876A522928519A006CE7C9 /* AccessTokenProviderTests.swift */,
			);
			path = Providers;
			sourceTree = "<group>";
		};
		A1876A57292854DE006CE7C9 /* Fixtures */ = {
			isa = PBXGroup;
			children = (
				A1876A58292854EF006CE7C9 /* NetworkRequestFixture.swift */,
				A1876A6729286700006CE7C9 /* ResponseModeFixture.swift */,
			);
			path = Fixtures;
			sourceTree = "<group>";
		};
		A1876A5E29285C64006CE7C9 /* Doubles */ = {
			isa = PBXGroup;
			children = (
				A1876A5F29285C89006CE7C9 /* NetworkDeserializationSpy.swift */,
				A1876A6129285DED006CE7C9 /* BaseURLProviderSpy.swift */,
				A1876A6329285EF4006CE7C9 /* AccessTokenProviderSpy.swift */,
				A1876A6929286871006CE7C9 /* NetworkProviderSpy.swift */,
				A19B685E2929254E00145256 /* FileManagerProviderSpy.swift */,
				A196D86929287CC6000ADDEE /* NetworkErrorDummy.swift */,
				A196D86729287B72000ADDEE /* NetworkErrorEquatable.swift */,
			);
			path = Doubles;
			sourceTree = "<group>";
		};
/* End PBXGroup section */

/* Begin PBXNativeTarget section */
		A18769F729280E7E006CE7C9 /* fuze */ = {
			isa = PBXNativeTarget;
			buildConfigurationList = A1876A2229280E7F006CE7C9 /* Build configuration list for PBXNativeTarget "fuze" */;
			buildPhases = (
				A18769F429280E7E006CE7C9 /* Sources */,
				A18769F529280E7E006CE7C9 /* Frameworks */,
				A18769F629280E7E006CE7C9 /* Resources */,
			);
			buildRules = (
			);
			dependencies = (
			);
			name = fuze;
			productName = fuze;
			productReference = A18769F829280E7E006CE7C9 /* fuze.app */;
			productType = "com.apple.product-type.application";
		};
		A1876A0D29280E7F006CE7C9 /* fuzeTests */ = {
			isa = PBXNativeTarget;
			buildConfigurationList = A1876A2529280E7F006CE7C9 /* Build configuration list for PBXNativeTarget "fuzeTests" */;
			buildPhases = (
				A1876A0A29280E7F006CE7C9 /* Sources */,
				A1876A0B29280E7F006CE7C9 /* Frameworks */,
				A1876A0C29280E7F006CE7C9 /* Resources */,
			);
			buildRules = (
			);
			dependencies = (
				A1876A1029280E7F006CE7C9 /* PBXTargetDependency */,
			);
			name = fuzeTests;
			productName = fuzeTests;
			productReference = A1876A0E29280E7F006CE7C9 /* fuzeTests.xctest */;
			productType = "com.apple.product-type.bundle.unit-test";
		};
/* End PBXNativeTarget section */

/* Begin PBXProject section */
		A18769F029280E7E006CE7C9 /* Project object */ = {
			isa = PBXProject;
			attributes = {
				BuildIndependentTargetsInParallel = 1;
				LastSwiftUpdateCheck = 1340;
				LastUpgradeCheck = 1340;
				TargetAttributes = {
					A18769F729280E7E006CE7C9 = {
						CreatedOnToolsVersion = 13.4.1;
					};
					A1876A0D29280E7F006CE7C9 = {
						CreatedOnToolsVersion = 13.4.1;
						TestTargetID = A18769F729280E7E006CE7C9;
					};
				};
			};
			buildConfigurationList = A18769F329280E7E006CE7C9 /* Build configuration list for PBXProject "fuze" */;
			compatibilityVersion = "Xcode 13.0";
			developmentRegion = en;
			hasScannedForEncodings = 0;
			knownRegions = (
				en,
				Base,
			);
			mainGroup = A18769EF29280E7E006CE7C9;
			productRefGroup = A18769F929280E7E006CE7C9 /* Products */;
			projectDirPath = "";
			projectRoot = "";
			targets = (
				A18769F729280E7E006CE7C9 /* fuze */,
				A1876A0D29280E7F006CE7C9 /* fuzeTests */,
			);
		};
/* End PBXProject section */

/* Begin PBXResourcesBuildPhase section */
		A18769F629280E7E006CE7C9 /* Resources */ = {
			isa = PBXResourcesBuildPhase;
			buildActionMask = 2147483647;
			files = (
				A1876A0829280E7F006CE7C9 /* LaunchScreen.storyboard in Resources */,
				A1876A0529280E7F006CE7C9 /* Assets.xcassets in Resources */,
			);
			runOnlyForDeploymentPostprocessing = 0;
		};
		A1876A0C29280E7F006CE7C9 /* Resources */ = {
			isa = PBXResourcesBuildPhase;
			buildActionMask = 2147483647;
			files = (
			);
			runOnlyForDeploymentPostprocessing = 0;
		};
/* End PBXResourcesBuildPhase section */

/* Begin PBXSourcesBuildPhase section */
		A18769F429280E7E006CE7C9 /* Sources */ = {
			isa = PBXSourcesBuildPhase;
			buildActionMask = 2147483647;
			files = (
				A1876A31292812E1006CE7C9 /* AppCoordinator.swift in Sources */,
				A1876A6C29286A88006CE7C9 /* NetworkProvider.swift in Sources */,
				A1876A3C292820A8006CE7C9 /* NetworkServiceMethod.swift in Sources */,
				A1876A0029280E7E006CE7C9 /* ViewController.swift in Sources */,
				A1876A47292843DC006CE7C9 /* ApiProvider.swift in Sources */,
				A1876A33292812E8006CE7C9 /* Coordinator.swift in Sources */,
				A1876A3A29281FAD006CE7C9 /* BaseURLProvider.swift in Sources */,
				A1876A3E29282412006CE7C9 /* Network.swift in Sources */,
				A18769FC29280E7E006CE7C9 /* AppDelegate.swift in Sources */,
				A1876A3729281EA8006CE7C9 /* NetworkRequest.swift in Sources */,
				A1876A452928429A006CE7C9 /* AccessTokenProvider.swift in Sources */,
				A1876A4229283743006CE7C9 /* NetworkDeserialization.swift in Sources */,
				A19B685D29291D6100145256 /* FileManagerProvider.swift in Sources */,
				A18769FE29280E7E006CE7C9 /* SceneDelegate.swift in Sources */,
			);
			runOnlyForDeploymentPostprocessing = 0;
		};
		A1876A0A29280E7F006CE7C9 /* Sources */ = {
			isa = PBXSourcesBuildPhase;
			buildActionMask = 2147483647;
			files = (
				A1876A6229285DED006CE7C9 /* BaseURLProviderSpy.swift in Sources */,
				A196D86A29287CC6000ADDEE /* NetworkErrorDummy.swift in Sources */,
				A1876A6829286700006CE7C9 /* ResponseModeFixture.swift in Sources */,
				A1876A5D29285C51006CE7C9 /* NetworkTests.swift in Sources */,
				A1876A59292854EF006CE7C9 /* NetworkRequestFixture.swift in Sources */,
				A1876A6029285C89006CE7C9 /* NetworkDeserializationSpy.swift in Sources */,
				A1876A532928519A006CE7C9 /* AccessTokenProviderTests.swift in Sources */,
				A19B685F2929254E00145256 /* FileManagerProviderSpy.swift in Sources */,
				A196D86C29287ED5000ADDEE /* NetworkDeserializationTests.swift in Sources */,
				A1876A6A29286871006CE7C9 /* NetworkProviderSpy.swift in Sources */,
				A1876A6429285EF4006CE7C9 /* AccessTokenProviderSpy.swift in Sources */,
				A1876A4E29284F54006CE7C9 /* BaseURLProviderTests.swift in Sources */,
				A196D86829287B72000ADDEE /* NetworkErrorEquatable.swift in Sources */,
				A1876A5B29285504006CE7C9 /* NetworkRequestTests.swift in Sources */,
			);
			runOnlyForDeploymentPostprocessing = 0;
		};
/* End PBXSourcesBuildPhase section */

/* Begin PBXTargetDependency section */
		A1876A1029280E7F006CE7C9 /* PBXTargetDependency */ = {
			isa = PBXTargetDependency;
			target = A18769F729280E7E006CE7C9 /* fuze */;
			targetProxy = A1876A0F29280E7F006CE7C9 /* PBXContainerItemProxy */;
		};
/* End PBXTargetDependency section */

/* Begin PBXVariantGroup section */
		A1876A0629280E7F006CE7C9 /* LaunchScreen.storyboard */ = {
			isa = PBXVariantGroup;
			children = (
				A1876A0729280E7F006CE7C9 /* Base */,
			);
			name = LaunchScreen.storyboard;
			sourceTree = "<group>";
		};
/* End PBXVariantGroup section */

/* Begin XCBuildConfiguration section */
		A1876A2029280E7F006CE7C9 /* Debug */ = {
			isa = XCBuildConfiguration;
			baseConfigurationReference = A1876A4329283F55006CE7C9 /* AppConfiguration.xcconfig */;
			buildSettings = {
				ALWAYS_SEARCH_USER_PATHS = NO;
				CLANG_ANALYZER_NONNULL = YES;
				CLANG_ANALYZER_NUMBER_OBJECT_CONVERSION = YES_AGGRESSIVE;
				CLANG_CXX_LANGUAGE_STANDARD = "gnu++17";
				CLANG_ENABLE_MODULES = YES;
				CLANG_ENABLE_OBJC_ARC = YES;
				CLANG_ENABLE_OBJC_WEAK = YES;
				CLANG_WARN_BLOCK_CAPTURE_AUTORELEASING = YES;
				CLANG_WARN_BOOL_CONVERSION = YES;
				CLANG_WARN_COMMA = YES;
				CLANG_WARN_CONSTANT_CONVERSION = YES;
				CLANG_WARN_DEPRECATED_OBJC_IMPLEMENTATIONS = YES;
				CLANG_WARN_DIRECT_OBJC_ISA_USAGE = YES_ERROR;
				CLANG_WARN_DOCUMENTATION_COMMENTS = YES;
				CLANG_WARN_EMPTY_BODY = YES;
				CLANG_WARN_ENUM_CONVERSION = YES;
				CLANG_WARN_INFINITE_RECURSION = YES;
				CLANG_WARN_INT_CONVERSION = YES;
				CLANG_WARN_NON_LITERAL_NULL_CONVERSION = YES;
				CLANG_WARN_OBJC_IMPLICIT_RETAIN_SELF = YES;
				CLANG_WARN_OBJC_LITERAL_CONVERSION = YES;
				CLANG_WARN_OBJC_ROOT_CLASS = YES_ERROR;
				CLANG_WARN_QUOTED_INCLUDE_IN_FRAMEWORK_HEADER = YES;
				CLANG_WARN_RANGE_LOOP_ANALYSIS = YES;
				CLANG_WARN_STRICT_PROTOTYPES = YES;
				CLANG_WARN_SUSPICIOUS_MOVE = YES;
				CLANG_WARN_UNGUARDED_AVAILABILITY = YES_AGGRESSIVE;
				CLANG_WARN_UNREACHABLE_CODE = YES;
				CLANG_WARN__DUPLICATE_METHOD_MATCH = YES;
				COPY_PHASE_STRIP = NO;
				DEBUG_INFORMATION_FORMAT = dwarf;
				ENABLE_STRICT_OBJC_MSGSEND = YES;
				ENABLE_TESTABILITY = YES;
				GCC_C_LANGUAGE_STANDARD = gnu11;
				GCC_DYNAMIC_NO_PIC = NO;
				GCC_NO_COMMON_BLOCKS = YES;
				GCC_OPTIMIZATION_LEVEL = 0;
				GCC_PREPROCESSOR_DEFINITIONS = (
					"DEBUG=1",
					"$(inherited)",
				);
				GCC_WARN_64_TO_32_BIT_CONVERSION = YES;
				GCC_WARN_ABOUT_RETURN_TYPE = YES_ERROR;
				GCC_WARN_UNDECLARED_SELECTOR = YES;
				GCC_WARN_UNINITIALIZED_AUTOS = YES_AGGRESSIVE;
				GCC_WARN_UNUSED_FUNCTION = YES;
				GCC_WARN_UNUSED_VARIABLE = YES;
				IPHONEOS_DEPLOYMENT_TARGET = 15.5;
				MTL_ENABLE_DEBUG_INFO = INCLUDE_SOURCE;
				MTL_FAST_MATH = YES;
				ONLY_ACTIVE_ARCH = YES;
				SDKROOT = iphoneos;
				SWIFT_ACTIVE_COMPILATION_CONDITIONS = DEBUG;
				SWIFT_OPTIMIZATION_LEVEL = "-Onone";
			};
			name = Debug;
		};
		A1876A2129280E7F006CE7C9 /* Release */ = {
			isa = XCBuildConfiguration;
			baseConfigurationReference = A1876A4329283F55006CE7C9 /* AppConfiguration.xcconfig */;
			buildSettings = {
				ALWAYS_SEARCH_USER_PATHS = NO;
				CLANG_ANALYZER_NONNULL = YES;
				CLANG_ANALYZER_NUMBER_OBJECT_CONVERSION = YES_AGGRESSIVE;
				CLANG_CXX_LANGUAGE_STANDARD = "gnu++17";
				CLANG_ENABLE_MODULES = YES;
				CLANG_ENABLE_OBJC_ARC = YES;
				CLANG_ENABLE_OBJC_WEAK = YES;
				CLANG_WARN_BLOCK_CAPTURE_AUTORELEASING = YES;
				CLANG_WARN_BOOL_CONVERSION = YES;
				CLANG_WARN_COMMA = YES;
				CLANG_WARN_CONSTANT_CONVERSION = YES;
				CLANG_WARN_DEPRECATED_OBJC_IMPLEMENTATIONS = YES;
				CLANG_WARN_DIRECT_OBJC_ISA_USAGE = YES_ERROR;
				CLANG_WARN_DOCUMENTATION_COMMENTS = YES;
				CLANG_WARN_EMPTY_BODY = YES;
				CLANG_WARN_ENUM_CONVERSION = YES;
				CLANG_WARN_INFINITE_RECURSION = YES;
				CLANG_WARN_INT_CONVERSION = YES;
				CLANG_WARN_NON_LITERAL_NULL_CONVERSION = YES;
				CLANG_WARN_OBJC_IMPLICIT_RETAIN_SELF = YES;
				CLANG_WARN_OBJC_LITERAL_CONVERSION = YES;
				CLANG_WARN_OBJC_ROOT_CLASS = YES_ERROR;
				CLANG_WARN_QUOTED_INCLUDE_IN_FRAMEWORK_HEADER = YES;
				CLANG_WARN_RANGE_LOOP_ANALYSIS = YES;
				CLANG_WARN_STRICT_PROTOTYPES = YES;
				CLANG_WARN_SUSPICIOUS_MOVE = YES;
				CLANG_WARN_UNGUARDED_AVAILABILITY = YES_AGGRESSIVE;
				CLANG_WARN_UNREACHABLE_CODE = YES;
				CLANG_WARN__DUPLICATE_METHOD_MATCH = YES;
				COPY_PHASE_STRIP = NO;
				DEBUG_INFORMATION_FORMAT = "dwarf-with-dsym";
				ENABLE_NS_ASSERTIONS = NO;
				ENABLE_STRICT_OBJC_MSGSEND = YES;
				GCC_C_LANGUAGE_STANDARD = gnu11;
				GCC_NO_COMMON_BLOCKS = YES;
				GCC_WARN_64_TO_32_BIT_CONVERSION = YES;
				GCC_WARN_ABOUT_RETURN_TYPE = YES_ERROR;
				GCC_WARN_UNDECLARED_SELECTOR = YES;
				GCC_WARN_UNINITIALIZED_AUTOS = YES_AGGRESSIVE;
				GCC_WARN_UNUSED_FUNCTION = YES;
				GCC_WARN_UNUSED_VARIABLE = YES;
				IPHONEOS_DEPLOYMENT_TARGET = 15.5;
				MTL_ENABLE_DEBUG_INFO = NO;
				MTL_FAST_MATH = YES;
				SDKROOT = iphoneos;
				SWIFT_COMPILATION_MODE = wholemodule;
				SWIFT_OPTIMIZATION_LEVEL = "-O";
				VALIDATE_PRODUCT = YES;
			};
			name = Release;
		};
		A1876A2329280E7F006CE7C9 /* Debug */ = {
			isa = XCBuildConfiguration;
			buildSettings = {
				ASSETCATALOG_COMPILER_APPICON_NAME = AppIcon;
				ASSETCATALOG_COMPILER_GLOBAL_ACCENT_COLOR_NAME = AccentColor;
				CODE_SIGN_STYLE = Automatic;
				CURRENT_PROJECT_VERSION = 1;
				GENERATE_INFOPLIST_FILE = YES;
				INFOPLIST_FILE = fuze/Resources/Info.plist;
				INFOPLIST_KEY_UIApplicationSupportsIndirectInputEvents = YES;
				INFOPLIST_KEY_UILaunchStoryboardName = LaunchScreen;
				INFOPLIST_KEY_UISupportedInterfaceOrientations_iPad = "UIInterfaceOrientationPortrait UIInterfaceOrientationPortraitUpsideDown UIInterfaceOrientationLandscapeLeft UIInterfaceOrientationLandscapeRight";
				INFOPLIST_KEY_UISupportedInterfaceOrientations_iPhone = "UIInterfaceOrientationPortrait UIInterfaceOrientationLandscapeLeft UIInterfaceOrientationLandscapeRight";
				LD_RUNPATH_SEARCH_PATHS = (
					"$(inherited)",
					"@executable_path/Frameworks",
				);
				MARKETING_VERSION = 1.0;
				PRODUCT_BUNDLE_IDENTIFIER = cc.app.fuze;
				PRODUCT_NAME = "$(TARGET_NAME)";
				SWIFT_EMIT_LOC_STRINGS = YES;
				SWIFT_VERSION = 5.0;
				TARGETED_DEVICE_FAMILY = "1,2";
			};
			name = Debug;
		};
		A1876A2429280E7F006CE7C9 /* Release */ = {
			isa = XCBuildConfiguration;
			buildSettings = {
				ASSETCATALOG_COMPILER_APPICON_NAME = AppIcon;
				ASSETCATALOG_COMPILER_GLOBAL_ACCENT_COLOR_NAME = AccentColor;
				CODE_SIGN_STYLE = Automatic;
				CURRENT_PROJECT_VERSION = 1;
				GENERATE_INFOPLIST_FILE = YES;
				INFOPLIST_FILE = fuze/Resources/Info.plist;
				INFOPLIST_KEY_UIApplicationSupportsIndirectInputEvents = YES;
				INFOPLIST_KEY_UILaunchStoryboardName = LaunchScreen;
				INFOPLIST_KEY_UISupportedInterfaceOrientations_iPad = "UIInterfaceOrientationPortrait UIInterfaceOrientationPortraitUpsideDown UIInterfaceOrientationLandscapeLeft UIInterfaceOrientationLandscapeRight";
				INFOPLIST_KEY_UISupportedInterfaceOrientations_iPhone = "UIInterfaceOrientationPortrait UIInterfaceOrientationLandscapeLeft UIInterfaceOrientationLandscapeRight";
				LD_RUNPATH_SEARCH_PATHS = (
					"$(inherited)",
					"@executable_path/Frameworks",
				);
				MARKETING_VERSION = 1.0;
				PRODUCT_BUNDLE_IDENTIFIER = cc.app.fuze;
				PRODUCT_NAME = "$(TARGET_NAME)";
				SWIFT_EMIT_LOC_STRINGS = YES;
				SWIFT_VERSION = 5.0;
				TARGETED_DEVICE_FAMILY = "1,2";
			};
			name = Release;
		};
		A1876A2629280E7F006CE7C9 /* Debug */ = {
			isa = XCBuildConfiguration;
			buildSettings = {
				ALWAYS_EMBED_SWIFT_STANDARD_LIBRARIES = YES;
				BUNDLE_LOADER = "$(TEST_HOST)";
				CODE_SIGN_STYLE = Automatic;
				CURRENT_PROJECT_VERSION = 1;
				GENERATE_INFOPLIST_FILE = YES;
				IPHONEOS_DEPLOYMENT_TARGET = 15.5;
				MARKETING_VERSION = 1.0;
				PRODUCT_BUNDLE_IDENTIFIER = cc.app.fuzeTests;
				PRODUCT_NAME = "$(TARGET_NAME)";
				SWIFT_EMIT_LOC_STRINGS = NO;
				SWIFT_VERSION = 5.0;
				TARGETED_DEVICE_FAMILY = "1,2";
				TEST_HOST = "$(BUILT_PRODUCTS_DIR)/fuze.app/fuze";
			};
			name = Debug;
		};
		A1876A2729280E7F006CE7C9 /* Release */ = {
			isa = XCBuildConfiguration;
			buildSettings = {
				ALWAYS_EMBED_SWIFT_STANDARD_LIBRARIES = YES;
				BUNDLE_LOADER = "$(TEST_HOST)";
				CODE_SIGN_STYLE = Automatic;
				CURRENT_PROJECT_VERSION = 1;
				GENERATE_INFOPLIST_FILE = YES;
				IPHONEOS_DEPLOYMENT_TARGET = 15.5;
				MARKETING_VERSION = 1.0;
				PRODUCT_BUNDLE_IDENTIFIER = cc.app.fuzeTests;
				PRODUCT_NAME = "$(TARGET_NAME)";
				SWIFT_EMIT_LOC_STRINGS = NO;
				SWIFT_VERSION = 5.0;
				TARGETED_DEVICE_FAMILY = "1,2";
				TEST_HOST = "$(BUILT_PRODUCTS_DIR)/fuze.app/fuze";
			};
			name = Release;
		};
/* End XCBuildConfiguration section */

/* Begin XCConfigurationList section */
		A18769F329280E7E006CE7C9 /* Build configuration list for PBXProject "fuze" */ = {
			isa = XCConfigurationList;
			buildConfigurations = (
				A1876A2029280E7F006CE7C9 /* Debug */,
				A1876A2129280E7F006CE7C9 /* Release */,
			);
			defaultConfigurationIsVisible = 0;
			defaultConfigurationName = Release;
		};
		A1876A2229280E7F006CE7C9 /* Build configuration list for PBXNativeTarget "fuze" */ = {
			isa = XCConfigurationList;
			buildConfigurations = (
				A1876A2329280E7F006CE7C9 /* Debug */,
				A1876A2429280E7F006CE7C9 /* Release */,
			);
			defaultConfigurationIsVisible = 0;
			defaultConfigurationName = Release;
		};
		A1876A2529280E7F006CE7C9 /* Build configuration list for PBXNativeTarget "fuzeTests" */ = {
			isa = XCConfigurationList;
			buildConfigurations = (
				A1876A2629280E7F006CE7C9 /* Debug */,
				A1876A2729280E7F006CE7C9 /* Release */,
			);
			defaultConfigurationIsVisible = 0;
			defaultConfigurationName = Release;
		};
/* End XCConfigurationList section */
	};
	rootObject = A18769F029280E7E006CE7C9 /* Project object */;
}
